// !$*UTF8*$!
{
	archiveVersion = 1;
	classes = {
	};
	objectVersion = 46;
	objects = {

/* Begin PBXBuildFile section */
		E4170CE51602470700500937 /* expense-01.png in Resources */ = {isa = PBXBuildFile; fileRef = E4170CE41602470700500937 /* expense-01.png */; };
		E4170CE81602475700500937 /* expense.png in Resources */ = {isa = PBXBuildFile; fileRef = E4170CE71602475700500937 /* expense.png */; };
		E4170CEE160248FE00500937 /* expense-02.png in Resources */ = {isa = PBXBuildFile; fileRef = E4170CED160248FE00500937 /* expense-02.png */; };
		E4170CFC160256BE00500937 /* money-01.png in Resources */ = {isa = PBXBuildFile; fileRef = E4170CFB160256BE00500937 /* money-01.png */; };
		E4170CFF160256ED00500937 /* chart-01.png in Resources */ = {isa = PBXBuildFile; fileRef = E4170CFE160256ED00500937 /* chart-01.png */; };
		E4170D011602571600500937 /* plan-01.png in Resources */ = {isa = PBXBuildFile; fileRef = E4170D001602571600500937 /* plan-01.png */; };
		E4170D031602573700500937 /* tool-01.png in Resources */ = {isa = PBXBuildFile; fileRef = E4170D021602573700500937 /* tool-01.png */; };
		E4170D051602575800500937 /* settings-01.png in Resources */ = {isa = PBXBuildFile; fileRef = E4170D041602575800500937 /* settings-01.png */; };
		E4170D071602579900500937 /* save-01.png in Resources */ = {isa = PBXBuildFile; fileRef = E4170D061602579900500937 /* save-01.png */; };
		E4170D09160257F000500937 /* menu.png in Resources */ = {isa = PBXBuildFile; fileRef = E4170D08160257EF00500937 /* menu.png */; };
		E4170D0B160258EF00500937 /* btn-add-02.png in Resources */ = {isa = PBXBuildFile; fileRef = E4170D0A160258EE00500937 /* btn-add-02.png */; };
		E4170D0E16025C1500500937 /* lock-05.png in Resources */ = {isa = PBXBuildFile; fileRef = E4170D0C16025C1200500937 /* lock-05.png */; };
		E4170D0F16025C1500500937 /* lock-open-02.png in Resources */ = {isa = PBXBuildFile; fileRef = E4170D0D16025C1300500937 /* lock-open-02.png */; };
		E4394D1D1603ACB400C75E63 /* AddLoanViewController.m in Sources */ = {isa = PBXBuildFile; fileRef = E4394D1B1603ACB400C75E63 /* AddLoanViewController.m */; };
		E4394D1E1603ACB400C75E63 /* AddLoanViewController.xib in Resources */ = {isa = PBXBuildFile; fileRef = E4394D1C1603ACB400C75E63 /* AddLoanViewController.xib */; };
		E4394D211603AD0C00C75E63 /* MenuGeneralView.m in Sources */ = {isa = PBXBuildFile; fileRef = E4394D201603AD0C00C75E63 /* MenuGeneralView.m */; };
		E4394D231603AD2800C75E63 /* MenuGeneralView.xib in Resources */ = {isa = PBXBuildFile; fileRef = E4394D221603AD2800C75E63 /* MenuGeneralView.xib */; };
		E4394D261603AEB100C75E63 /* add-01.png in Resources */ = {isa = PBXBuildFile; fileRef = E4394D241603AEB100C75E63 /* add-01.png */; };
		E4394D271603AEB100C75E63 /* delete-01.png in Resources */ = {isa = PBXBuildFile; fileRef = E4394D251603AEB100C75E63 /* delete-01.png */; };
		E4394D291603AF4200C75E63 /* btn-save-01.png in Resources */ = {isa = PBXBuildFile; fileRef = E4394D281603AF4200C75E63 /* btn-save-01.png */; };
		E4394D2F1603B97F00C75E63 /* cancel-01.png in Resources */ = {isa = PBXBuildFile; fileRef = E4394D2E1603B97F00C75E63 /* cancel-01.png */; };
		E4394D311603BB2F00C75E63 /* calendar-01.png in Resources */ = {isa = PBXBuildFile; fileRef = E4394D301603BB2E00C75E63 /* calendar-01.png */; };
		E4394D331603BBA800C75E63 /* calendar-02.png in Resources */ = {isa = PBXBuildFile; fileRef = E4394D321603BBA800C75E63 /* calendar-02.png */; };
		E44B357615FF758900E83D81 /* UIKit.framework in Frameworks */ = {isa = PBXBuildFile; fileRef = E44B357515FF758900E83D81 /* UIKit.framework */; };
		E44B357815FF758900E83D81 /* Foundation.framework in Frameworks */ = {isa = PBXBuildFile; fileRef = E44B357715FF758900E83D81 /* Foundation.framework */; };
		E44B357A15FF758900E83D81 /* CoreGraphics.framework in Frameworks */ = {isa = PBXBuildFile; fileRef = E44B357915FF758900E83D81 /* CoreGraphics.framework */; };
		E44B357C15FF758900E83D81 /* CoreData.framework in Frameworks */ = {isa = PBXBuildFile; fileRef = E44B357B15FF758900E83D81 /* CoreData.framework */; };
		E44B358215FF758900E83D81 /* InfoPlist.strings in Resources */ = {isa = PBXBuildFile; fileRef = E44B358015FF758900E83D81 /* InfoPlist.strings */; };
		E44B358415FF758900E83D81 /* main.m in Sources */ = {isa = PBXBuildFile; fileRef = E44B358315FF758900E83D81 /* main.m */; };
		E44B358815FF758900E83D81 /* folyAppDelegate.m in Sources */ = {isa = PBXBuildFile; fileRef = E44B358715FF758900E83D81 /* folyAppDelegate.m */; };
		E44B358B15FF758900E83D81 /* Wallets_Manager.xcdatamodeld in Sources */ = {isa = PBXBuildFile; fileRef = E44B358915FF758900E83D81 /* Wallets_Manager.xcdatamodeld */; };
		E4C1C3A616017F4E000849D6 /* wallet-01.png in Resources */ = {isa = PBXBuildFile; fileRef = E4C1C3A116017F4E000849D6 /* wallet-01.png */; };
		E4C1C3A716017F4E000849D6 /* wallet-02.png in Resources */ = {isa = PBXBuildFile; fileRef = E4C1C3A216017F4E000849D6 /* wallet-02.png */; };
		E4C1C3A816017F4E000849D6 /* wallet-04.png in Resources */ = {isa = PBXBuildFile; fileRef = E4C1C3A316017F4E000849D6 /* wallet-04.png */; };
		E4C1C3A916017F4E000849D6 /* wallet-05.png in Resources */ = {isa = PBXBuildFile; fileRef = E4C1C3A416017F4E000849D6 /* wallet-05.png */; };
		E4C1C3AA16017F4E000849D6 /* walllet-03.png in Resources */ = {isa = PBXBuildFile; fileRef = E4C1C3A516017F4E000849D6 /* walllet-03.png */; };
		E4C1C3AC16018270000849D6 /* Default.png in Resources */ = {isa = PBXBuildFile; fileRef = E4C1C3AB16018270000849D6 /* Default.png */; };
		E4C1C3B2160187D4000849D6 /* navigationbar.png in Resources */ = {isa = PBXBuildFile; fileRef = E4C1C3B1160187D4000849D6 /* navigationbar.png */; };
		E4C1C3BC16018907000849D6 /* detail.png in Resources */ = {isa = PBXBuildFile; fileRef = E4C1C3BB16018907000849D6 /* detail.png */; };
		E4C1C3BE1601909F000849D6 /* tabbar-bg.png in Resources */ = {isa = PBXBuildFile; fileRef = E4C1C3BD1601909F000849D6 /* tabbar-bg.png */; };
		E4C1C3C016019131000849D6 /* selection-tab.png in Resources */ = {isa = PBXBuildFile; fileRef = E4C1C3BF16019131000849D6 /* selection-tab.png */; };
		E4C1C3C216019154000849D6 /* tabbar.png in Resources */ = {isa = PBXBuildFile; fileRef = E4C1C3C116019154000849D6 /* tabbar.png */; };
		E4C1C3D81601A95B000849D6 /* PageViewControl.m in Sources */ = {isa = PBXBuildFile; fileRef = E4C1C3D61601A95B000849D6 /* PageViewControl.m */; };
		E4C1C3D91601A95B000849D6 /* PageController.xib in Resources */ = {isa = PBXBuildFile; fileRef = E4C1C3D71601A95B000849D6 /* PageController.xib */; };
		E4CE2821160166B4007D0E9A /* MainViewController.m in Sources */ = {isa = PBXBuildFile; fileRef = E4CE281F160166B4007D0E9A /* MainViewController.m */; };
		E4CE2822160166B4007D0E9A /* MainViewController.xib in Resources */ = {isa = PBXBuildFile; fileRef = E4CE2820160166B4007D0E9A /* MainViewController.xib */; };
		E4CE28281601689E007D0E9A /* WalletsViewController.m in Sources */ = {isa = PBXBuildFile; fileRef = E4CE28261601689E007D0E9A /* WalletsViewController.m */; };
		E4CE28291601689E007D0E9A /* WalletsViewController.xib in Resources */ = {isa = PBXBuildFile; fileRef = E4CE28271601689E007D0E9A /* WalletsViewController.xib */; };
		E4CE283216016E87007D0E9A /* WalletManagerController.m in Sources */ = {isa = PBXBuildFile; fileRef = E4CE283116016E87007D0E9A /* WalletManagerController.m */; };
		E4CE283616016EE6007D0E9A /* GeneralManagerViewController.m in Sources */ = {isa = PBXBuildFile; fileRef = E4CE283416016EE6007D0E9A /* GeneralManagerViewController.m */; };
		E4CE283716016EE6007D0E9A /* GeneralManagerViewController.xib in Resources */ = {isa = PBXBuildFile; fileRef = E4CE283516016EE6007D0E9A /* GeneralManagerViewController.xib */; };
		E4CE283B16016F16007D0E9A /* ReportViewController.m in Sources */ = {isa = PBXBuildFile; fileRef = E4CE283916016F16007D0E9A /* ReportViewController.m */; };
		E4CE283C16016F16007D0E9A /* ReportViewController.xib in Resources */ = {isa = PBXBuildFile; fileRef = E4CE283A16016F16007D0E9A /* ReportViewController.xib */; };
		E4CE284016016F62007D0E9A /* PlanViewController.m in Sources */ = {isa = PBXBuildFile; fileRef = E4CE283E16016F62007D0E9A /* PlanViewController.m */; };
		E4CE284116016F62007D0E9A /* PlanViewController.xib in Resources */ = {isa = PBXBuildFile; fileRef = E4CE283F16016F62007D0E9A /* PlanViewController.xib */; };
		E4CE284516016F7F007D0E9A /* SettingsViewController.m in Sources */ = {isa = PBXBuildFile; fileRef = E4CE284316016F7F007D0E9A /* SettingsViewController.m */; };
		E4CE284616016F7F007D0E9A /* SettingsViewController.xib in Resources */ = {isa = PBXBuildFile; fileRef = E4CE284416016F7F007D0E9A /* SettingsViewController.xib */; };
		E4CE284A16017002007D0E9A /* ToolsViewController.m in Sources */ = {isa = PBXBuildFile; fileRef = E4CE284816017001007D0E9A /* ToolsViewController.m */; };
		E4CE284B16017002007D0E9A /* ToolsViewController.xib in Resources */ = {isa = PBXBuildFile; fileRef = E4CE284916017002007D0E9A /* ToolsViewController.xib */; };
		E4CE285D16017917007D0E9A /* backButton.png in Resources */ = {isa = PBXBuildFile; fileRef = E4CE285C16017917007D0E9A /* backButton.png */; };
		E4CE286016017DD0007D0E9A /* wallet-logo.png in Resources */ = {isa = PBXBuildFile; fileRef = E4CE285F16017DD0007D0E9A /* wallet-logo.png */; };
		E4DCEB991602DDB800CA6698 /* QuartzCore.framework in Frameworks */ = {isa = PBXBuildFile; fileRef = E4DCEB981602DDB800CA6698 /* QuartzCore.framework */; };
		E4DCEB9B1602DDC200CA6698 /* MapKit.framework in Frameworks */ = {isa = PBXBuildFile; fileRef = E4DCEB9A1602DDC200CA6698 /* MapKit.framework */; };
		E4DCEB9F1602DDFA00CA6698 /* TapkuLibrary.bundle in Resources */ = {isa = PBXBuildFile; fileRef = E4DCEB9E1602DDFA00CA6698 /* TapkuLibrary.bundle */; };
		E4DCEBFE1602DE0700CA6698 /* NSArray+TKCategory.m in Sources */ = {isa = PBXBuildFile; fileRef = E4DCEBA21602DE0600CA6698 /* NSArray+TKCategory.m */; };
		E4DCEBFF1602DE0700CA6698 /* NSDate+TKCategory.m in Sources */ = {isa = PBXBuildFile; fileRef = E4DCEBA41602DE0600CA6698 /* NSDate+TKCategory.m */; };
		E4DCEC001602DE0700CA6698 /* NSString+TKCategory.m in Sources */ = {isa = PBXBuildFile; fileRef = E4DCEBA61602DE0600CA6698 /* NSString+TKCategory.m */; };
		E4DCEC011602DE0700CA6698 /* TapDetectingView.m in Sources */ = {isa = PBXBuildFile; fileRef = E4DCEBA81602DE0600CA6698 /* TapDetectingView.m */; };
		E4DCEC021602DE0700CA6698 /* TKAlertCenter.m in Sources */ = {isa = PBXBuildFile; fileRef = E4DCEBAB1602DE0600CA6698 /* TKAlertCenter.m */; };
		E4DCEC031602DE0700CA6698 /* TKAppDelegate.m in Sources */ = {isa = PBXBuildFile; fileRef = E4DCEBAD1602DE0600CA6698 /* TKAppDelegate.m */; };
		E4DCEC041602DE0700CA6698 /* TKButtonCell.m in Sources */ = {isa = PBXBuildFile; fileRef = E4DCEBAF1602DE0600CA6698 /* TKButtonCell.m */; };
		E4DCEC051602DE0700CA6698 /* TKCalendarDayEventView.m in Sources */ = {isa = PBXBuildFile; fileRef = E4DCEBB11602DE0600CA6698 /* TKCalendarDayEventView.m */; };
		E4DCEC061602DE0700CA6698 /* TKCalendarDayTimelineView.m in Sources */ = {isa = PBXBuildFile; fileRef = E4DCEBB31602DE0600CA6698 /* TKCalendarDayTimelineView.m */; };
		E4DCEC071602DE0700CA6698 /* TKCalendarDayViewController.m in Sources */ = {isa = PBXBuildFile; fileRef = E4DCEBB51602DE0600CA6698 /* TKCalendarDayViewController.m */; };
		E4DCEC081602DE0700CA6698 /* TKCalendarMonthTableViewController.m in Sources */ = {isa = PBXBuildFile; fileRef = E4DCEBB71602DE0600CA6698 /* TKCalendarMonthTableViewController.m */; };
		E4DCEC091602DE0700CA6698 /* TKCalendarMonthView.m in Sources */ = {isa = PBXBuildFile; fileRef = E4DCEBB91602DE0600CA6698 /* TKCalendarMonthView.m */; };
		E4DCEC0A1602DE0700CA6698 /* TKCalendarMonthViewController.m in Sources */ = {isa = PBXBuildFile; fileRef = E4DCEBBB1602DE0600CA6698 /* TKCalendarMonthViewController.m */; };
		E4DCEC0B1602DE0700CA6698 /* TKCoverflowCoverView.m in Sources */ = {isa = PBXBuildFile; fileRef = E4DCEBBD1602DE0600CA6698 /* TKCoverflowCoverView.m */; };
		E4DCEC0C1602DE0700CA6698 /* TKCoverflowView.m in Sources */ = {isa = PBXBuildFile; fileRef = E4DCEBBF1602DE0600CA6698 /* TKCoverflowView.m */; };
		E4DCEC0D1602DE0700CA6698 /* TKEmptyView.m in Sources */ = {isa = PBXBuildFile; fileRef = E4DCEBC11602DE0600CA6698 /* TKEmptyView.m */; };
		E4DCEC0E1602DE0700CA6698 /* TKGlobal.m in Sources */ = {isa = PBXBuildFile; fileRef = E4DCEBC31602DE0600CA6698 /* TKGlobal.m */; };
		E4DCEC0F1602DE0700CA6698 /* TKGradientView.m in Sources */ = {isa = PBXBuildFile; fileRef = E4DCEBC51602DE0600CA6698 /* TKGradientView.m */; };
		E4DCEC101602DE0700CA6698 /* TKHTTPRequest.m in Sources */ = {isa = PBXBuildFile; fileRef = E4DCEBC71602DE0600CA6698 /* TKHTTPRequest.m */; };
		E4DCEC111602DE0700CA6698 /* TKImageCache.m in Sources */ = {isa = PBXBuildFile; fileRef = E4DCEBC91602DE0600CA6698 /* TKImageCache.m */; };
		E4DCEC121602DE0700CA6698 /* TKLabelCell.m in Sources */ = {isa = PBXBuildFile; fileRef = E4DCEBCB1602DE0700CA6698 /* TKLabelCell.m */; };
		E4DCEC131602DE0700CA6698 /* TKLabelFieldCell.m in Sources */ = {isa = PBXBuildFile; fileRef = E4DCEBCD1602DE0700CA6698 /* TKLabelFieldCell.m */; };
		E4DCEC141602DE0700CA6698 /* TKLabelSwitchCell.m in Sources */ = {isa = PBXBuildFile; fileRef = E4DCEBCF1602DE0700CA6698 /* TKLabelSwitchCell.m */; };
		E4DCEC151602DE0700CA6698 /* TKLabelTextFieldCell.m in Sources */ = {isa = PBXBuildFile; fileRef = E4DCEBD11602DE0700CA6698 /* TKLabelTextFieldCell.m */; };
		E4DCEC161602DE0700CA6698 /* TKLabelTextViewCell.m in Sources */ = {isa = PBXBuildFile; fileRef = E4DCEBD31602DE0700CA6698 /* TKLabelTextViewCell.m */; };
		E4DCEC171602DE0700CA6698 /* TKMapPlace.m in Sources */ = {isa = PBXBuildFile; fileRef = E4DCEBD51602DE0700CA6698 /* TKMapPlace.m */; };
		E4DCEC181602DE0700CA6698 /* TKMapView.m in Sources */ = {isa = PBXBuildFile; fileRef = E4DCEBD71602DE0700CA6698 /* TKMapView.m */; };
		E4DCEC191602DE0700CA6698 /* TKNetworkQueue.m in Sources */ = {isa = PBXBuildFile; fileRef = E4DCEBD91602DE0700CA6698 /* TKNetworkQueue.m */; };
		E4DCEC1A1602DE0700CA6698 /* TKProgressAlertView.m in Sources */ = {isa = PBXBuildFile; fileRef = E4DCEBDB1602DE0700CA6698 /* TKProgressAlertView.m */; };
		E4DCEC1B1602DE0700CA6698 /* TKProgressBarView.m in Sources */ = {isa = PBXBuildFile; fileRef = E4DCEBDD1602DE0700CA6698 /* TKProgressBarView.m */; };
		E4DCEC1C1602DE0700CA6698 /* TKProgressCircleView.m in Sources */ = {isa = PBXBuildFile; fileRef = E4DCEBDF1602DE0700CA6698 /* TKProgressCircleView.m */; };
		E4DCEC1D1602DE0700CA6698 /* TKShapeView.m in Sources */ = {isa = PBXBuildFile; fileRef = E4DCEBE11602DE0700CA6698 /* TKShapeView.m */; };
		E4DCEC1E1602DE0700CA6698 /* TKSwitchCell.m in Sources */ = {isa = PBXBuildFile; fileRef = E4DCEBE31602DE0700CA6698 /* TKSwitchCell.m */; };
		E4DCEC1F1602DE0700CA6698 /* TKTableViewCell.m in Sources */ = {isa = PBXBuildFile; fileRef = E4DCEBE51602DE0700CA6698 /* TKTableViewCell.m */; };
		E4DCEC201602DE0700CA6698 /* TKTableViewController.m in Sources */ = {isa = PBXBuildFile; fileRef = E4DCEBE71602DE0700CA6698 /* TKTableViewController.m */; };
		E4DCEC211602DE0700CA6698 /* TKTextViewCell.m in Sources */ = {isa = PBXBuildFile; fileRef = E4DCEBE91602DE0700CA6698 /* TKTextViewCell.m */; };
		E4DCEC221602DE0700CA6698 /* TKViewController.m in Sources */ = {isa = PBXBuildFile; fileRef = E4DCEBEB1602DE0700CA6698 /* TKViewController.m */; };
		E4DCEC231602DE0700CA6698 /* TKWindow.m in Sources */ = {isa = PBXBuildFile; fileRef = E4DCEBED1602DE0700CA6698 /* TKWindow.m */; };
		E4DCEC241602DE0700CA6698 /* UIBarButtonItem+TKCategory.m in Sources */ = {isa = PBXBuildFile; fileRef = E4DCEBEF1602DE0700CA6698 /* UIBarButtonItem+TKCategory.m */; };
		E4DCEC251602DE0700CA6698 /* UIButton+TKCategory.m in Sources */ = {isa = PBXBuildFile; fileRef = E4DCEBF11602DE0700CA6698 /* UIButton+TKCategory.m */; };
		E4DCEC261602DE0700CA6698 /* UIColor+TKCategory.m in Sources */ = {isa = PBXBuildFile; fileRef = E4DCEBF31602DE0700CA6698 /* UIColor+TKCategory.m */; };
		E4DCEC271602DE0700CA6698 /* UIImage+TKCategory.m in Sources */ = {isa = PBXBuildFile; fileRef = E4DCEBF51602DE0700CA6698 /* UIImage+TKCategory.m */; };
		E4DCEC281602DE0700CA6698 /* UIImageView+TKCategory.m in Sources */ = {isa = PBXBuildFile; fileRef = E4DCEBF71602DE0700CA6698 /* UIImageView+TKCategory.m */; };
		E4DCEC291602DE0700CA6698 /* UIScrollview+TKCategory.m in Sources */ = {isa = PBXBuildFile; fileRef = E4DCEBF91602DE0700CA6698 /* UIScrollview+TKCategory.m */; };
		E4DCEC2A1602DE0700CA6698 /* UIView+TKCategory.m in Sources */ = {isa = PBXBuildFile; fileRef = E4DCEBFB1602DE0700CA6698 /* UIView+TKCategory.m */; };
		E4DCEC2B1602DE0700CA6698 /* UIViewController+TKCategory.m in Sources */ = {isa = PBXBuildFile; fileRef = E4DCEBFD1602DE0700CA6698 /* UIViewController+TKCategory.m */; };
		E4DCEC421602FB2000CA6698 /* AddExpenseViewController.m in Sources */ = {isa = PBXBuildFile; fileRef = E4DCEC401602FB2000CA6698 /* AddExpenseViewController.m */; };
		E4DCEC431602FB2000CA6698 /* AddExpenseViewController.xib in Resources */ = {isa = PBXBuildFile; fileRef = E4DCEC411602FB2000CA6698 /* AddExpenseViewController.xib */; };
/* End PBXBuildFile section */

/* Begin PBXFileReference section */
		E4170CE41602470700500937 /* expense-01.png */ = {isa = PBXFileReference; lastKnownFileType = image.png; path = "expense-01.png"; sourceTree = "<group>"; };
		E4170CE71602475700500937 /* expense.png */ = {isa = PBXFileReference; lastKnownFileType = image.png; path = expense.png; sourceTree = "<group>"; };
		E4170CED160248FE00500937 /* expense-02.png */ = {isa = PBXFileReference; lastKnownFileType = image.png; path = "expense-02.png"; sourceTree = "<group>"; };
		E4170CFB160256BE00500937 /* money-01.png */ = {isa = PBXFileReference; lastKnownFileType = image.png; path = "money-01.png"; sourceTree = "<group>"; };
		E4170CFE160256ED00500937 /* chart-01.png */ = {isa = PBXFileReference; lastKnownFileType = image.png; path = "chart-01.png"; sourceTree = "<group>"; };
		E4170D001602571600500937 /* plan-01.png */ = {isa = PBXFileReference; lastKnownFileType = image.png; path = "plan-01.png"; sourceTree = "<group>"; };
		E4170D021602573700500937 /* tool-01.png */ = {isa = PBXFileReference; lastKnownFileType = image.png; path = "tool-01.png"; sourceTree = "<group>"; };
		E4170D041602575800500937 /* settings-01.png */ = {isa = PBXFileReference; lastKnownFileType = image.png; path = "settings-01.png"; sourceTree = "<group>"; };
		E4170D061602579900500937 /* save-01.png */ = {isa = PBXFileReference; lastKnownFileType = image.png; path = "save-01.png"; sourceTree = "<group>"; };
		E4170D08160257EF00500937 /* menu.png */ = {isa = PBXFileReference; lastKnownFileType = image.png; path = menu.png; sourceTree = "<group>"; };
		E4170D0A160258EE00500937 /* btn-add-02.png */ = {isa = PBXFileReference; lastKnownFileType = image.png; path = "btn-add-02.png"; sourceTree = "<group>"; };
		E4170D0C16025C1200500937 /* lock-05.png */ = {isa = PBXFileReference; lastKnownFileType = image.png; path = "lock-05.png"; sourceTree = "<group>"; };
		E4170D0D16025C1300500937 /* lock-open-02.png */ = {isa = PBXFileReference; lastKnownFileType = image.png; path = "lock-open-02.png"; sourceTree = "<group>"; };
		E4394D1A1603ACB400C75E63 /* AddLoanViewController.h */ = {isa = PBXFileReference; fileEncoding = 4; lastKnownFileType = sourcecode.c.h; name = AddLoanViewController.h; path = ViewDetails/AddLoanViewController.h; sourceTree = "<group>"; };
		E4394D1B1603ACB400C75E63 /* AddLoanViewController.m */ = {isa = PBXFileReference; fileEncoding = 4; lastKnownFileType = sourcecode.c.objc; name = AddLoanViewController.m; path = ViewDetails/AddLoanViewController.m; sourceTree = "<group>"; };
		E4394D1C1603ACB400C75E63 /* AddLoanViewController.xib */ = {isa = PBXFileReference; fileEncoding = 4; lastKnownFileType = file.xib; name = AddLoanViewController.xib; path = ViewDetails/AddLoanViewController.xib; sourceTree = "<group>"; };
		E4394D1F1603AD0C00C75E63 /* MenuGeneralView.h */ = {isa = PBXFileReference; fileEncoding = 4; lastKnownFileType = sourcecode.c.h; name = MenuGeneralView.h; path = "Views Extra/MenuGeneralView.h"; sourceTree = "<group>"; };
		E4394D201603AD0C00C75E63 /* MenuGeneralView.m */ = {isa = PBXFileReference; fileEncoding = 4; lastKnownFileType = sourcecode.c.objc; name = MenuGeneralView.m; path = "Views Extra/MenuGeneralView.m"; sourceTree = "<group>"; };
		E4394D221603AD2800C75E63 /* MenuGeneralView.xib */ = {isa = PBXFileReference; fileEncoding = 4; lastKnownFileType = file.xib; name = MenuGeneralView.xib; path = "Views Extra/MenuGeneralView.xib"; sourceTree = "<group>"; };
		E4394D241603AEB100C75E63 /* add-01.png */ = {isa = PBXFileReference; lastKnownFileType = image.png; path = "add-01.png"; sourceTree = "<group>"; };
		E4394D251603AEB100C75E63 /* delete-01.png */ = {isa = PBXFileReference; lastKnownFileType = image.png; path = "delete-01.png"; sourceTree = "<group>"; };
		E4394D281603AF4200C75E63 /* btn-save-01.png */ = {isa = PBXFileReference; lastKnownFileType = image.png; path = "btn-save-01.png"; sourceTree = "<group>"; };
		E4394D2E1603B97F00C75E63 /* cancel-01.png */ = {isa = PBXFileReference; lastKnownFileType = image.png; path = "cancel-01.png"; sourceTree = "<group>"; };
		E4394D301603BB2E00C75E63 /* calendar-01.png */ = {isa = PBXFileReference; lastKnownFileType = image.png; path = "calendar-01.png"; sourceTree = "<group>"; };
		E4394D321603BBA800C75E63 /* calendar-02.png */ = {isa = PBXFileReference; lastKnownFileType = image.png; path = "calendar-02.png"; sourceTree = "<group>"; };
		E44B357115FF758900E83D81 /* Wallets Manager.app */ = {isa = PBXFileReference; explicitFileType = wrapper.application; includeInIndex = 0; path = "Wallets Manager.app"; sourceTree = BUILT_PRODUCTS_DIR; };
		E44B357515FF758900E83D81 /* UIKit.framework */ = {isa = PBXFileReference; lastKnownFileType = wrapper.framework; name = UIKit.framework; path = System/Library/Frameworks/UIKit.framework; sourceTree = SDKROOT; };
		E44B357715FF758900E83D81 /* Foundation.framework */ = {isa = PBXFileReference; lastKnownFileType = wrapper.framework; name = Foundation.framework; path = System/Library/Frameworks/Foundation.framework; sourceTree = SDKROOT; };
		E44B357915FF758900E83D81 /* CoreGraphics.framework */ = {isa = PBXFileReference; lastKnownFileType = wrapper.framework; name = CoreGraphics.framework; path = System/Library/Frameworks/CoreGraphics.framework; sourceTree = SDKROOT; };
		E44B357B15FF758900E83D81 /* CoreData.framework */ = {isa = PBXFileReference; lastKnownFileType = wrapper.framework; name = CoreData.framework; path = System/Library/Frameworks/CoreData.framework; sourceTree = SDKROOT; };
		E44B357F15FF758900E83D81 /* Wallets Manager-Info.plist */ = {isa = PBXFileReference; lastKnownFileType = text.plist.xml; path = "Wallets Manager-Info.plist"; sourceTree = "<group>"; };
		E44B358115FF758900E83D81 /* en */ = {isa = PBXFileReference; lastKnownFileType = text.plist.strings; name = en; path = en.lproj/InfoPlist.strings; sourceTree = "<group>"; };
		E44B358315FF758900E83D81 /* main.m */ = {isa = PBXFileReference; lastKnownFileType = sourcecode.c.objc; path = main.m; sourceTree = "<group>"; };
		E44B358515FF758900E83D81 /* Wallets Manager-Prefix.pch */ = {isa = PBXFileReference; lastKnownFileType = sourcecode.c.h; path = "Wallets Manager-Prefix.pch"; sourceTree = "<group>"; };
		E44B358615FF758900E83D81 /* folyAppDelegate.h */ = {isa = PBXFileReference; lastKnownFileType = sourcecode.c.h; path = folyAppDelegate.h; sourceTree = "<group>"; };
		E44B358715FF758900E83D81 /* folyAppDelegate.m */ = {isa = PBXFileReference; lastKnownFileType = sourcecode.c.objc; path = folyAppDelegate.m; sourceTree = "<group>"; };
		E44B358A15FF758900E83D81 /* Wallets_Manager.xcdatamodel */ = {isa = PBXFileReference; lastKnownFileType = wrapper.xcdatamodel; path = Wallets_Manager.xcdatamodel; sourceTree = "<group>"; };
		E4C1C3A116017F4E000849D6 /* wallet-01.png */ = {isa = PBXFileReference; lastKnownFileType = image.png; name = "wallet-01.png"; path = "../../Resources/wallet-01.png"; sourceTree = "<group>"; };
		E4C1C3A216017F4E000849D6 /* wallet-02.png */ = {isa = PBXFileReference; lastKnownFileType = image.png; name = "wallet-02.png"; path = "../../Resources/wallet-02.png"; sourceTree = "<group>"; };
		E4C1C3A316017F4E000849D6 /* wallet-04.png */ = {isa = PBXFileReference; lastKnownFileType = image.png; name = "wallet-04.png"; path = "../../Resources/wallet-04.png"; sourceTree = "<group>"; };
		E4C1C3A416017F4E000849D6 /* wallet-05.png */ = {isa = PBXFileReference; lastKnownFileType = image.png; name = "wallet-05.png"; path = "../../Resources/wallet-05.png"; sourceTree = "<group>"; };
		E4C1C3A516017F4E000849D6 /* walllet-03.png */ = {isa = PBXFileReference; lastKnownFileType = image.png; name = "walllet-03.png"; path = "../../Resources/walllet-03.png"; sourceTree = "<group>"; };
		E4C1C3AB16018270000849D6 /* Default.png */ = {isa = PBXFileReference; lastKnownFileType = image.png; path = Default.png; sourceTree = "<group>"; };
		E4C1C3B1160187D4000849D6 /* navigationbar.png */ = {isa = PBXFileReference; lastKnownFileType = image.png; path = navigationbar.png; sourceTree = "<group>"; };
		E4C1C3BB16018907000849D6 /* detail.png */ = {isa = PBXFileReference; lastKnownFileType = image.png; path = detail.png; sourceTree = "<group>"; };
		E4C1C3BD1601909F000849D6 /* tabbar-bg.png */ = {isa = PBXFileReference; lastKnownFileType = image.png; path = "tabbar-bg.png"; sourceTree = "<group>"; };
		E4C1C3BF16019131000849D6 /* selection-tab.png */ = {isa = PBXFileReference; lastKnownFileType = image.png; path = "selection-tab.png"; sourceTree = "<group>"; };
		E4C1C3C116019154000849D6 /* tabbar.png */ = {isa = PBXFileReference; lastKnownFileType = image.png; path = tabbar.png; sourceTree = "<group>"; };
		E4C1C3D51601A95B000849D6 /* PageViewControl.h */ = {isa = PBXFileReference; fileEncoding = 4; lastKnownFileType = sourcecode.c.h; path = PageViewControl.h; sourceTree = "<group>"; };
		E4C1C3D61601A95B000849D6 /* PageViewControl.m */ = {isa = PBXFileReference; fileEncoding = 4; lastKnownFileType = sourcecode.c.objc; path = PageViewControl.m; sourceTree = "<group>"; };
		E4C1C3D71601A95B000849D6 /* PageController.xib */ = {isa = PBXFileReference; fileEncoding = 4; lastKnownFileType = file.xib; path = PageController.xib; sourceTree = "<group>"; };
		E4CE281E160166B4007D0E9A /* MainViewController.h */ = {isa = PBXFileReference; fileEncoding = 4; lastKnownFileType = sourcecode.c.h; name = MainViewController.h; path = Views/MainViewController.h; sourceTree = "<group>"; };
		E4CE281F160166B4007D0E9A /* MainViewController.m */ = {isa = PBXFileReference; fileEncoding = 4; lastKnownFileType = sourcecode.c.objc; name = MainViewController.m; path = Views/MainViewController.m; sourceTree = "<group>"; };
		E4CE2820160166B4007D0E9A /* MainViewController.xib */ = {isa = PBXFileReference; fileEncoding = 4; lastKnownFileType = file.xib; name = MainViewController.xib; path = Views/MainViewController.xib; sourceTree = "<group>"; };
		E4CE28251601689E007D0E9A /* WalletsViewController.h */ = {isa = PBXFileReference; fileEncoding = 4; lastKnownFileType = sourcecode.c.h; name = WalletsViewController.h; path = Views/WalletsViewController.h; sourceTree = "<group>"; };
		E4CE28261601689E007D0E9A /* WalletsViewController.m */ = {isa = PBXFileReference; fileEncoding = 4; lastKnownFileType = sourcecode.c.objc; name = WalletsViewController.m; path = Views/WalletsViewController.m; sourceTree = "<group>"; };
		E4CE28271601689E007D0E9A /* WalletsViewController.xib */ = {isa = PBXFileReference; fileEncoding = 4; lastKnownFileType = file.xib; name = WalletsViewController.xib; path = Views/WalletsViewController.xib; sourceTree = "<group>"; };
		E4CE283016016E87007D0E9A /* WalletManagerController.h */ = {isa = PBXFileReference; fileEncoding = 4; lastKnownFileType = sourcecode.c.h; name = WalletManagerController.h; path = Views/WalletManagerController.h; sourceTree = "<group>"; };
		E4CE283116016E87007D0E9A /* WalletManagerController.m */ = {isa = PBXFileReference; fileEncoding = 4; lastKnownFileType = sourcecode.c.objc; name = WalletManagerController.m; path = Views/WalletManagerController.m; sourceTree = "<group>"; };
		E4CE283316016EE6007D0E9A /* GeneralManagerViewController.h */ = {isa = PBXFileReference; fileEncoding = 4; lastKnownFileType = sourcecode.c.h; name = GeneralManagerViewController.h; path = Views/GeneralManagerViewController.h; sourceTree = "<group>"; };
		E4CE283416016EE6007D0E9A /* GeneralManagerViewController.m */ = {isa = PBXFileReference; fileEncoding = 4; lastKnownFileType = sourcecode.c.objc; name = GeneralManagerViewController.m; path = Views/GeneralManagerViewController.m; sourceTree = "<group>"; };
		E4CE283516016EE6007D0E9A /* GeneralManagerViewController.xib */ = {isa = PBXFileReference; fileEncoding = 4; lastKnownFileType = file.xib; name = GeneralManagerViewController.xib; path = Views/GeneralManagerViewController.xib; sourceTree = "<group>"; };
		E4CE283816016F16007D0E9A /* ReportViewController.h */ = {isa = PBXFileReference; fileEncoding = 4; lastKnownFileType = sourcecode.c.h; name = ReportViewController.h; path = Views/ReportViewController.h; sourceTree = "<group>"; };
		E4CE283916016F16007D0E9A /* ReportViewController.m */ = {isa = PBXFileReference; fileEncoding = 4; lastKnownFileType = sourcecode.c.objc; name = ReportViewController.m; path = Views/ReportViewController.m; sourceTree = "<group>"; };
		E4CE283A16016F16007D0E9A /* ReportViewController.xib */ = {isa = PBXFileReference; fileEncoding = 4; lastKnownFileType = file.xib; name = ReportViewController.xib; path = Views/ReportViewController.xib; sourceTree = "<group>"; };
		E4CE283D16016F62007D0E9A /* PlanViewController.h */ = {isa = PBXFileReference; fileEncoding = 4; lastKnownFileType = sourcecode.c.h; name = PlanViewController.h; path = Views/PlanViewController.h; sourceTree = "<group>"; };
		E4CE283E16016F62007D0E9A /* PlanViewController.m */ = {isa = PBXFileReference; fileEncoding = 4; lastKnownFileType = sourcecode.c.objc; name = PlanViewController.m; path = Views/PlanViewController.m; sourceTree = "<group>"; };
		E4CE283F16016F62007D0E9A /* PlanViewController.xib */ = {isa = PBXFileReference; fileEncoding = 4; lastKnownFileType = file.xib; name = PlanViewController.xib; path = Views/PlanViewController.xib; sourceTree = "<group>"; };
		E4CE284216016F7E007D0E9A /* SettingsViewController.h */ = {isa = PBXFileReference; fileEncoding = 4; lastKnownFileType = sourcecode.c.h; name = SettingsViewController.h; path = Views/SettingsViewController.h; sourceTree = "<group>"; };
		E4CE284316016F7F007D0E9A /* SettingsViewController.m */ = {isa = PBXFileReference; fileEncoding = 4; lastKnownFileType = sourcecode.c.objc; name = SettingsViewController.m; path = Views/SettingsViewController.m; sourceTree = "<group>"; };
		E4CE284416016F7F007D0E9A /* SettingsViewController.xib */ = {isa = PBXFileReference; fileEncoding = 4; lastKnownFileType = file.xib; name = SettingsViewController.xib; path = Views/SettingsViewController.xib; sourceTree = "<group>"; };
		E4CE284716017001007D0E9A /* ToolsViewController.h */ = {isa = PBXFileReference; fileEncoding = 4; lastKnownFileType = sourcecode.c.h; path = ToolsViewController.h; sourceTree = "<group>"; };
		E4CE284816017001007D0E9A /* ToolsViewController.m */ = {isa = PBXFileReference; fileEncoding = 4; lastKnownFileType = sourcecode.c.objc; path = ToolsViewController.m; sourceTree = "<group>"; };
		E4CE284916017002007D0E9A /* ToolsViewController.xib */ = {isa = PBXFileReference; fileEncoding = 4; lastKnownFileType = file.xib; path = ToolsViewController.xib; sourceTree = "<group>"; };
		E4CE285C16017917007D0E9A /* backButton.png */ = {isa = PBXFileReference; lastKnownFileType = image.png; path = backButton.png; sourceTree = "<group>"; };
		E4CE285F16017DD0007D0E9A /* wallet-logo.png */ = {isa = PBXFileReference; lastKnownFileType = image.png; path = "wallet-logo.png"; sourceTree = "<group>"; };
		E4DCEB981602DDB800CA6698 /* QuartzCore.framework */ = {isa = PBXFileReference; lastKnownFileType = wrapper.framework; name = QuartzCore.framework; path = System/Library/Frameworks/QuartzCore.framework; sourceTree = SDKROOT; };
		E4DCEB9A1602DDC200CA6698 /* MapKit.framework */ = {isa = PBXFileReference; lastKnownFileType = wrapper.framework; name = MapKit.framework; path = System/Library/Frameworks/MapKit.framework; sourceTree = SDKROOT; };
		E4DCEB9C1602DDD300CA6698 /* SenTestingKit.framework */ = {isa = PBXFileReference; lastKnownFileType = wrapper.framework; name = SenTestingKit.framework; path = Library/Frameworks/SenTestingKit.framework; sourceTree = DEVELOPER_DIR; };
		E4DCEB9E1602DDFA00CA6698 /* TapkuLibrary.bundle */ = {isa = PBXFileReference; lastKnownFileType = "wrapper.plug-in"; path = TapkuLibrary.bundle; sourceTree = "<group>"; };
		E4DCEBA11602DE0600CA6698 /* NSArray+TKCategory.h */ = {isa = PBXFileReference; fileEncoding = 4; lastKnownFileType = sourcecode.c.h; path = "NSArray+TKCategory.h"; sourceTree = "<group>"; };
		E4DCEBA21602DE0600CA6698 /* NSArray+TKCategory.m */ = {isa = PBXFileReference; fileEncoding = 4; lastKnownFileType = sourcecode.c.objc; path = "NSArray+TKCategory.m"; sourceTree = "<group>"; };
		E4DCEBA31602DE0600CA6698 /* NSDate+TKCategory.h */ = {isa = PBXFileReference; fileEncoding = 4; lastKnownFileType = sourcecode.c.h; path = "NSDate+TKCategory.h"; sourceTree = "<group>"; };
		E4DCEBA41602DE0600CA6698 /* NSDate+TKCategory.m */ = {isa = PBXFileReference; fileEncoding = 4; lastKnownFileType = sourcecode.c.objc; path = "NSDate+TKCategory.m"; sourceTree = "<group>"; };
		E4DCEBA51602DE0600CA6698 /* NSString+TKCategory.h */ = {isa = PBXFileReference; fileEncoding = 4; lastKnownFileType = sourcecode.c.h; path = "NSString+TKCategory.h"; sourceTree = "<group>"; };
		E4DCEBA61602DE0600CA6698 /* NSString+TKCategory.m */ = {isa = PBXFileReference; fileEncoding = 4; lastKnownFileType = sourcecode.c.objc; path = "NSString+TKCategory.m"; sourceTree = "<group>"; };
		E4DCEBA71602DE0600CA6698 /* TapDetectingView.h */ = {isa = PBXFileReference; fileEncoding = 4; lastKnownFileType = sourcecode.c.h; path = TapDetectingView.h; sourceTree = "<group>"; };
		E4DCEBA81602DE0600CA6698 /* TapDetectingView.m */ = {isa = PBXFileReference; fileEncoding = 4; lastKnownFileType = sourcecode.c.objc; path = TapDetectingView.m; sourceTree = "<group>"; };
		E4DCEBA91602DE0600CA6698 /* TapkuLibrary.h */ = {isa = PBXFileReference; fileEncoding = 4; lastKnownFileType = sourcecode.c.h; path = TapkuLibrary.h; sourceTree = "<group>"; };
		E4DCEBAA1602DE0600CA6698 /* TKAlertCenter.h */ = {isa = PBXFileReference; fileEncoding = 4; lastKnownFileType = sourcecode.c.h; path = TKAlertCenter.h; sourceTree = "<group>"; };
		E4DCEBAB1602DE0600CA6698 /* TKAlertCenter.m */ = {isa = PBXFileReference; fileEncoding = 4; lastKnownFileType = sourcecode.c.objc; path = TKAlertCenter.m; sourceTree = "<group>"; };
		E4DCEBAC1602DE0600CA6698 /* TKAppDelegate.h */ = {isa = PBXFileReference; fileEncoding = 4; lastKnownFileType = sourcecode.c.h; path = TKAppDelegate.h; sourceTree = "<group>"; };
		E4DCEBAD1602DE0600CA6698 /* TKAppDelegate.m */ = {isa = PBXFileReference; fileEncoding = 4; lastKnownFileType = sourcecode.c.objc; path = TKAppDelegate.m; sourceTree = "<group>"; };
		E4DCEBAE1602DE0600CA6698 /* TKButtonCell.h */ = {isa = PBXFileReference; fileEncoding = 4; lastKnownFileType = sourcecode.c.h; path = TKButtonCell.h; sourceTree = "<group>"; };
		E4DCEBAF1602DE0600CA6698 /* TKButtonCell.m */ = {isa = PBXFileReference; fileEncoding = 4; lastKnownFileType = sourcecode.c.objc; path = TKButtonCell.m; sourceTree = "<group>"; };
		E4DCEBB01602DE0600CA6698 /* TKCalendarDayEventView.h */ = {isa = PBXFileReference; fileEncoding = 4; lastKnownFileType = sourcecode.c.h; path = TKCalendarDayEventView.h; sourceTree = "<group>"; };
		E4DCEBB11602DE0600CA6698 /* TKCalendarDayEventView.m */ = {isa = PBXFileReference; fileEncoding = 4; lastKnownFileType = sourcecode.c.objc; path = TKCalendarDayEventView.m; sourceTree = "<group>"; };
		E4DCEBB21602DE0600CA6698 /* TKCalendarDayTimelineView.h */ = {isa = PBXFileReference; fileEncoding = 4; lastKnownFileType = sourcecode.c.h; path = TKCalendarDayTimelineView.h; sourceTree = "<group>"; };
		E4DCEBB31602DE0600CA6698 /* TKCalendarDayTimelineView.m */ = {isa = PBXFileReference; fileEncoding = 4; lastKnownFileType = sourcecode.c.objc; path = TKCalendarDayTimelineView.m; sourceTree = "<group>"; };
		E4DCEBB41602DE0600CA6698 /* TKCalendarDayViewController.h */ = {isa = PBXFileReference; fileEncoding = 4; lastKnownFileType = sourcecode.c.h; path = TKCalendarDayViewController.h; sourceTree = "<group>"; };
		E4DCEBB51602DE0600CA6698 /* TKCalendarDayViewController.m */ = {isa = PBXFileReference; fileEncoding = 4; lastKnownFileType = sourcecode.c.objc; path = TKCalendarDayViewController.m; sourceTree = "<group>"; };
		E4DCEBB61602DE0600CA6698 /* TKCalendarMonthTableViewController.h */ = {isa = PBXFileReference; fileEncoding = 4; lastKnownFileType = sourcecode.c.h; path = TKCalendarMonthTableViewController.h; sourceTree = "<group>"; };
		E4DCEBB71602DE0600CA6698 /* TKCalendarMonthTableViewController.m */ = {isa = PBXFileReference; fileEncoding = 4; lastKnownFileType = sourcecode.c.objc; path = TKCalendarMonthTableViewController.m; sourceTree = "<group>"; };
		E4DCEBB81602DE0600CA6698 /* TKCalendarMonthView.h */ = {isa = PBXFileReference; fileEncoding = 4; lastKnownFileType = sourcecode.c.h; path = TKCalendarMonthView.h; sourceTree = "<group>"; };
		E4DCEBB91602DE0600CA6698 /* TKCalendarMonthView.m */ = {isa = PBXFileReference; fileEncoding = 4; lastKnownFileType = sourcecode.c.objc; path = TKCalendarMonthView.m; sourceTree = "<group>"; };
		E4DCEBBA1602DE0600CA6698 /* TKCalendarMonthViewController.h */ = {isa = PBXFileReference; fileEncoding = 4; lastKnownFileType = sourcecode.c.h; path = TKCalendarMonthViewController.h; sourceTree = "<group>"; };
		E4DCEBBB1602DE0600CA6698 /* TKCalendarMonthViewController.m */ = {isa = PBXFileReference; fileEncoding = 4; lastKnownFileType = sourcecode.c.objc; path = TKCalendarMonthViewController.m; sourceTree = "<group>"; };
		E4DCEBBC1602DE0600CA6698 /* TKCoverflowCoverView.h */ = {isa = PBXFileReference; fileEncoding = 4; lastKnownFileType = sourcecode.c.h; path = TKCoverflowCoverView.h; sourceTree = "<group>"; };
		E4DCEBBD1602DE0600CA6698 /* TKCoverflowCoverView.m */ = {isa = PBXFileReference; fileEncoding = 4; lastKnownFileType = sourcecode.c.objc; path = TKCoverflowCoverView.m; sourceTree = "<group>"; };
		E4DCEBBE1602DE0600CA6698 /* TKCoverflowView.h */ = {isa = PBXFileReference; fileEncoding = 4; lastKnownFileType = sourcecode.c.h; path = TKCoverflowView.h; sourceTree = "<group>"; };
		E4DCEBBF1602DE0600CA6698 /* TKCoverflowView.m */ = {isa = PBXFileReference; fileEncoding = 4; lastKnownFileType = sourcecode.c.objc; path = TKCoverflowView.m; sourceTree = "<group>"; };
		E4DCEBC01602DE0600CA6698 /* TKEmptyView.h */ = {isa = PBXFileReference; fileEncoding = 4; lastKnownFileType = sourcecode.c.h; path = TKEmptyView.h; sourceTree = "<group>"; };
		E4DCEBC11602DE0600CA6698 /* TKEmptyView.m */ = {isa = PBXFileReference; fileEncoding = 4; lastKnownFileType = sourcecode.c.objc; path = TKEmptyView.m; sourceTree = "<group>"; };
		E4DCEBC21602DE0600CA6698 /* TKGlobal.h */ = {isa = PBXFileReference; fileEncoding = 4; lastKnownFileType = sourcecode.c.h; path = TKGlobal.h; sourceTree = "<group>"; };
		E4DCEBC31602DE0600CA6698 /* TKGlobal.m */ = {isa = PBXFileReference; fileEncoding = 4; lastKnownFileType = sourcecode.c.objc; path = TKGlobal.m; sourceTree = "<group>"; };
		E4DCEBC41602DE0600CA6698 /* TKGradientView.h */ = {isa = PBXFileReference; fileEncoding = 4; lastKnownFileType = sourcecode.c.h; path = TKGradientView.h; sourceTree = "<group>"; };
		E4DCEBC51602DE0600CA6698 /* TKGradientView.m */ = {isa = PBXFileReference; fileEncoding = 4; lastKnownFileType = sourcecode.c.objc; path = TKGradientView.m; sourceTree = "<group>"; };
		E4DCEBC61602DE0600CA6698 /* TKHTTPRequest.h */ = {isa = PBXFileReference; fileEncoding = 4; lastKnownFileType = sourcecode.c.h; path = TKHTTPRequest.h; sourceTree = "<group>"; };
		E4DCEBC71602DE0600CA6698 /* TKHTTPRequest.m */ = {isa = PBXFileReference; fileEncoding = 4; lastKnownFileType = sourcecode.c.objc; path = TKHTTPRequest.m; sourceTree = "<group>"; };
		E4DCEBC81602DE0600CA6698 /* TKImageCache.h */ = {isa = PBXFileReference; fileEncoding = 4; lastKnownFileType = sourcecode.c.h; path = TKImageCache.h; sourceTree = "<group>"; };
		E4DCEBC91602DE0600CA6698 /* TKImageCache.m */ = {isa = PBXFileReference; fileEncoding = 4; lastKnownFileType = sourcecode.c.objc; path = TKImageCache.m; sourceTree = "<group>"; };
		E4DCEBCA1602DE0600CA6698 /* TKLabelCell.h */ = {isa = PBXFileReference; fileEncoding = 4; lastKnownFileType = sourcecode.c.h; path = TKLabelCell.h; sourceTree = "<group>"; };
		E4DCEBCB1602DE0700CA6698 /* TKLabelCell.m */ = {isa = PBXFileReference; fileEncoding = 4; lastKnownFileType = sourcecode.c.objc; path = TKLabelCell.m; sourceTree = "<group>"; };
		E4DCEBCC1602DE0700CA6698 /* TKLabelFieldCell.h */ = {isa = PBXFileReference; fileEncoding = 4; lastKnownFileType = sourcecode.c.h; path = TKLabelFieldCell.h; sourceTree = "<group>"; };
		E4DCEBCD1602DE0700CA6698 /* TKLabelFieldCell.m */ = {isa = PBXFileReference; fileEncoding = 4; lastKnownFileType = sourcecode.c.objc; path = TKLabelFieldCell.m; sourceTree = "<group>"; };
		E4DCEBCE1602DE0700CA6698 /* TKLabelSwitchCell.h */ = {isa = PBXFileReference; fileEncoding = 4; lastKnownFileType = sourcecode.c.h; path = TKLabelSwitchCell.h; sourceTree = "<group>"; };
		E4DCEBCF1602DE0700CA6698 /* TKLabelSwitchCell.m */ = {isa = PBXFileReference; fileEncoding = 4; lastKnownFileType = sourcecode.c.objc; path = TKLabelSwitchCell.m; sourceTree = "<group>"; };
		E4DCEBD01602DE0700CA6698 /* TKLabelTextFieldCell.h */ = {isa = PBXFileReference; fileEncoding = 4; lastKnownFileType = sourcecode.c.h; path = TKLabelTextFieldCell.h; sourceTree = "<group>"; };
		E4DCEBD11602DE0700CA6698 /* TKLabelTextFieldCell.m */ = {isa = PBXFileReference; fileEncoding = 4; lastKnownFileType = sourcecode.c.objc; path = TKLabelTextFieldCell.m; sourceTree = "<group>"; };
		E4DCEBD21602DE0700CA6698 /* TKLabelTextViewCell.h */ = {isa = PBXFileReference; fileEncoding = 4; lastKnownFileType = sourcecode.c.h; path = TKLabelTextViewCell.h; sourceTree = "<group>"; };
		E4DCEBD31602DE0700CA6698 /* TKLabelTextViewCell.m */ = {isa = PBXFileReference; fileEncoding = 4; lastKnownFileType = sourcecode.c.objc; path = TKLabelTextViewCell.m; sourceTree = "<group>"; };
		E4DCEBD41602DE0700CA6698 /* TKMapPlace.h */ = {isa = PBXFileReference; fileEncoding = 4; lastKnownFileType = sourcecode.c.h; path = TKMapPlace.h; sourceTree = "<group>"; };
		E4DCEBD51602DE0700CA6698 /* TKMapPlace.m */ = {isa = PBXFileReference; fileEncoding = 4; lastKnownFileType = sourcecode.c.objc; path = TKMapPlace.m; sourceTree = "<group>"; };
		E4DCEBD61602DE0700CA6698 /* TKMapView.h */ = {isa = PBXFileReference; fileEncoding = 4; lastKnownFileType = sourcecode.c.h; path = TKMapView.h; sourceTree = "<group>"; };
		E4DCEBD71602DE0700CA6698 /* TKMapView.m */ = {isa = PBXFileReference; fileEncoding = 4; lastKnownFileType = sourcecode.c.objc; path = TKMapView.m; sourceTree = "<group>"; };
		E4DCEBD81602DE0700CA6698 /* TKNetworkQueue.h */ = {isa = PBXFileReference; fileEncoding = 4; lastKnownFileType = sourcecode.c.h; path = TKNetworkQueue.h; sourceTree = "<group>"; };
		E4DCEBD91602DE0700CA6698 /* TKNetworkQueue.m */ = {isa = PBXFileReference; fileEncoding = 4; lastKnownFileType = sourcecode.c.objc; path = TKNetworkQueue.m; sourceTree = "<group>"; };
		E4DCEBDA1602DE0700CA6698 /* TKProgressAlertView.h */ = {isa = PBXFileReference; fileEncoding = 4; lastKnownFileType = sourcecode.c.h; path = TKProgressAlertView.h; sourceTree = "<group>"; };
		E4DCEBDB1602DE0700CA6698 /* TKProgressAlertView.m */ = {isa = PBXFileReference; fileEncoding = 4; lastKnownFileType = sourcecode.c.objc; path = TKProgressAlertView.m; sourceTree = "<group>"; };
		E4DCEBDC1602DE0700CA6698 /* TKProgressBarView.h */ = {isa = PBXFileReference; fileEncoding = 4; lastKnownFileType = sourcecode.c.h; path = TKProgressBarView.h; sourceTree = "<group>"; };
		E4DCEBDD1602DE0700CA6698 /* TKProgressBarView.m */ = {isa = PBXFileReference; fileEncoding = 4; lastKnownFileType = sourcecode.c.objc; path = TKProgressBarView.m; sourceTree = "<group>"; };
		E4DCEBDE1602DE0700CA6698 /* TKProgressCircleView.h */ = {isa = PBXFileReference; fileEncoding = 4; lastKnownFileType = sourcecode.c.h; path = TKProgressCircleView.h; sourceTree = "<group>"; };
		E4DCEBDF1602DE0700CA6698 /* TKProgressCircleView.m */ = {isa = PBXFileReference; fileEncoding = 4; lastKnownFileType = sourcecode.c.objc; path = TKProgressCircleView.m; sourceTree = "<group>"; };
		E4DCEBE01602DE0700CA6698 /* TKShapeView.h */ = {isa = PBXFileReference; fileEncoding = 4; lastKnownFileType = sourcecode.c.h; path = TKShapeView.h; sourceTree = "<group>"; };
		E4DCEBE11602DE0700CA6698 /* TKShapeView.m */ = {isa = PBXFileReference; fileEncoding = 4; lastKnownFileType = sourcecode.c.objc; path = TKShapeView.m; sourceTree = "<group>"; };
		E4DCEBE21602DE0700CA6698 /* TKSwitchCell.h */ = {isa = PBXFileReference; fileEncoding = 4; lastKnownFileType = sourcecode.c.h; path = TKSwitchCell.h; sourceTree = "<group>"; };
		E4DCEBE31602DE0700CA6698 /* TKSwitchCell.m */ = {isa = PBXFileReference; fileEncoding = 4; lastKnownFileType = sourcecode.c.objc; path = TKSwitchCell.m; sourceTree = "<group>"; };
		E4DCEBE41602DE0700CA6698 /* TKTableViewCell.h */ = {isa = PBXFileReference; fileEncoding = 4; lastKnownFileType = sourcecode.c.h; path = TKTableViewCell.h; sourceTree = "<group>"; };
		E4DCEBE51602DE0700CA6698 /* TKTableViewCell.m */ = {isa = PBXFileReference; fileEncoding = 4; lastKnownFileType = sourcecode.c.objc; path = TKTableViewCell.m; sourceTree = "<group>"; };
		E4DCEBE61602DE0700CA6698 /* TKTableViewController.h */ = {isa = PBXFileReference; fileEncoding = 4; lastKnownFileType = sourcecode.c.h; path = TKTableViewController.h; sourceTree = "<group>"; };
		E4DCEBE71602DE0700CA6698 /* TKTableViewController.m */ = {isa = PBXFileReference; fileEncoding = 4; lastKnownFileType = sourcecode.c.objc; path = TKTableViewController.m; sourceTree = "<group>"; };
		E4DCEBE81602DE0700CA6698 /* TKTextViewCell.h */ = {isa = PBXFileReference; fileEncoding = 4; lastKnownFileType = sourcecode.c.h; path = TKTextViewCell.h; sourceTree = "<group>"; };
		E4DCEBE91602DE0700CA6698 /* TKTextViewCell.m */ = {isa = PBXFileReference; fileEncoding = 4; lastKnownFileType = sourcecode.c.objc; path = TKTextViewCell.m; sourceTree = "<group>"; };
		E4DCEBEA1602DE0700CA6698 /* TKViewController.h */ = {isa = PBXFileReference; fileEncoding = 4; lastKnownFileType = sourcecode.c.h; path = TKViewController.h; sourceTree = "<group>"; };
		E4DCEBEB1602DE0700CA6698 /* TKViewController.m */ = {isa = PBXFileReference; fileEncoding = 4; lastKnownFileType = sourcecode.c.objc; path = TKViewController.m; sourceTree = "<group>"; };
		E4DCEBEC1602DE0700CA6698 /* TKWindow.h */ = {isa = PBXFileReference; fileEncoding = 4; lastKnownFileType = sourcecode.c.h; path = TKWindow.h; sourceTree = "<group>"; };
		E4DCEBED1602DE0700CA6698 /* TKWindow.m */ = {isa = PBXFileReference; fileEncoding = 4; lastKnownFileType = sourcecode.c.objc; path = TKWindow.m; sourceTree = "<group>"; };
		E4DCEBEE1602DE0700CA6698 /* UIBarButtonItem+TKCategory.h */ = {isa = PBXFileReference; fileEncoding = 4; lastKnownFileType = sourcecode.c.h; path = "UIBarButtonItem+TKCategory.h"; sourceTree = "<group>"; };
		E4DCEBEF1602DE0700CA6698 /* UIBarButtonItem+TKCategory.m */ = {isa = PBXFileReference; fileEncoding = 4; lastKnownFileType = sourcecode.c.objc; path = "UIBarButtonItem+TKCategory.m"; sourceTree = "<group>"; };
		E4DCEBF01602DE0700CA6698 /* UIButton+TKCategory.h */ = {isa = PBXFileReference; fileEncoding = 4; lastKnownFileType = sourcecode.c.h; path = "UIButton+TKCategory.h"; sourceTree = "<group>"; };
		E4DCEBF11602DE0700CA6698 /* UIButton+TKCategory.m */ = {isa = PBXFileReference; fileEncoding = 4; lastKnownFileType = sourcecode.c.objc; path = "UIButton+TKCategory.m"; sourceTree = "<group>"; };
		E4DCEBF21602DE0700CA6698 /* UIColor+TKCategory.h */ = {isa = PBXFileReference; fileEncoding = 4; lastKnownFileType = sourcecode.c.h; path = "UIColor+TKCategory.h"; sourceTree = "<group>"; };
		E4DCEBF31602DE0700CA6698 /* UIColor+TKCategory.m */ = {isa = PBXFileReference; fileEncoding = 4; lastKnownFileType = sourcecode.c.objc; path = "UIColor+TKCategory.m"; sourceTree = "<group>"; };
		E4DCEBF41602DE0700CA6698 /* UIImage+TKCategory.h */ = {isa = PBXFileReference; fileEncoding = 4; lastKnownFileType = sourcecode.c.h; path = "UIImage+TKCategory.h"; sourceTree = "<group>"; };
		E4DCEBF51602DE0700CA6698 /* UIImage+TKCategory.m */ = {isa = PBXFileReference; fileEncoding = 4; lastKnownFileType = sourcecode.c.objc; path = "UIImage+TKCategory.m"; sourceTree = "<group>"; };
		E4DCEBF61602DE0700CA6698 /* UIImageView+TKCategory.h */ = {isa = PBXFileReference; fileEncoding = 4; lastKnownFileType = sourcecode.c.h; path = "UIImageView+TKCategory.h"; sourceTree = "<group>"; };
		E4DCEBF71602DE0700CA6698 /* UIImageView+TKCategory.m */ = {isa = PBXFileReference; fileEncoding = 4; lastKnownFileType = sourcecode.c.objc; path = "UIImageView+TKCategory.m"; sourceTree = "<group>"; };
		E4DCEBF81602DE0700CA6698 /* UIScrollview+TKCategory.h */ = {isa = PBXFileReference; fileEncoding = 4; lastKnownFileType = sourcecode.c.h; path = "UIScrollview+TKCategory.h"; sourceTree = "<group>"; };
		E4DCEBF91602DE0700CA6698 /* UIScrollview+TKCategory.m */ = {isa = PBXFileReference; fileEncoding = 4; lastKnownFileType = sourcecode.c.objc; path = "UIScrollview+TKCategory.m"; sourceTree = "<group>"; };
		E4DCEBFA1602DE0700CA6698 /* UIView+TKCategory.h */ = {isa = PBXFileReference; fileEncoding = 4; lastKnownFileType = sourcecode.c.h; path = "UIView+TKCategory.h"; sourceTree = "<group>"; };
		E4DCEBFB1602DE0700CA6698 /* UIView+TKCategory.m */ = {isa = PBXFileReference; fileEncoding = 4; lastKnownFileType = sourcecode.c.objc; path = "UIView+TKCategory.m"; sourceTree = "<group>"; };
		E4DCEBFC1602DE0700CA6698 /* UIViewController+TKCategory.h */ = {isa = PBXFileReference; fileEncoding = 4; lastKnownFileType = sourcecode.c.h; path = "UIViewController+TKCategory.h"; sourceTree = "<group>"; };
		E4DCEBFD1602DE0700CA6698 /* UIViewController+TKCategory.m */ = {isa = PBXFileReference; fileEncoding = 4; lastKnownFileType = sourcecode.c.objc; path = "UIViewController+TKCategory.m"; sourceTree = "<group>"; };
		E4DCEC3F1602FB2000CA6698 /* AddExpenseViewController.h */ = {isa = PBXFileReference; fileEncoding = 4; lastKnownFileType = sourcecode.c.h; name = AddExpenseViewController.h; path = ViewDetails/AddExpenseViewController.h; sourceTree = "<group>"; };
		E4DCEC401602FB2000CA6698 /* AddExpenseViewController.m */ = {isa = PBXFileReference; fileEncoding = 4; lastKnownFileType = sourcecode.c.objc; name = AddExpenseViewController.m; path = ViewDetails/AddExpenseViewController.m; sourceTree = "<group>"; };
		E4DCEC411602FB2000CA6698 /* AddExpenseViewController.xib */ = {isa = PBXFileReference; fileEncoding = 4; lastKnownFileType = file.xib; name = AddExpenseViewController.xib; path = ViewDetails/AddExpenseViewController.xib; sourceTree = "<group>"; };
/* End PBXFileReference section */

/* Begin PBXFrameworksBuildPhase section */
		E44B356E15FF758900E83D81 /* Frameworks */ = {
			isa = PBXFrameworksBuildPhase;
			buildActionMask = 2147483647;
			files = (
				E4DCEB9B1602DDC200CA6698 /* MapKit.framework in Frameworks */,
				E4DCEB991602DDB800CA6698 /* QuartzCore.framework in Frameworks */,
				E44B357A15FF758900E83D81 /* CoreGraphics.framework in Frameworks */,
				E44B357615FF758900E83D81 /* UIKit.framework in Frameworks */,
				E44B357815FF758900E83D81 /* Foundation.framework in Frameworks */,
				E44B357C15FF758900E83D81 /* CoreData.framework in Frameworks */,
			);
			runOnlyForDeploymentPostprocessing = 0;
		};
/* End PBXFrameworksBuildPhase section */

/* Begin PBXGroup section */
		E4394D181603AC7D00C75E63 /* Views Extra */ = {
			isa = PBXGroup;
			children = (
				E4394D1F1603AD0C00C75E63 /* MenuGeneralView.h */,
				E4394D201603AD0C00C75E63 /* MenuGeneralView.m */,
				E4394D221603AD2800C75E63 /* MenuGeneralView.xib */,
			);
			name = "Views Extra";
			sourceTree = "<group>";
		};
		E44B356615FF758900E83D81 = {
			isa = PBXGroup;
			children = (
				E4CE281D16016665007D0E9A /* Views */,
				E4CE281C16016645007D0E9A /* Resources */,
				E4CE281B1601662B007D0E9A /* Classes */,
				E4CE281A16016604007D0E9A /* Macro */,
				E4CE2818160165F8007D0E9A /* CustomUI */,
				E44B357D15FF758900E83D81 /* Wallets Manager */,
				E44B357415FF758900E83D81 /* Frameworks */,
				E44B357215FF758900E83D81 /* Products */,
			);
			sourceTree = "<group>";
		};
		E44B357215FF758900E83D81 /* Products */ = {
			isa = PBXGroup;
			children = (
				E44B357115FF758900E83D81 /* Wallets Manager.app */,
			);
			name = Products;
			sourceTree = "<group>";
		};
		E44B357415FF758900E83D81 /* Frameworks */ = {
			isa = PBXGroup;
			children = (
				E4DCEB9C1602DDD300CA6698 /* SenTestingKit.framework */,
				E4DCEB9A1602DDC200CA6698 /* MapKit.framework */,
				E4DCEB981602DDB800CA6698 /* QuartzCore.framework */,
				E44B357515FF758900E83D81 /* UIKit.framework */,
				E44B357715FF758900E83D81 /* Foundation.framework */,
				E44B357915FF758900E83D81 /* CoreGraphics.framework */,
				E44B357B15FF758900E83D81 /* CoreData.framework */,
			);
			name = Frameworks;
			sourceTree = "<group>";
		};
		E44B357D15FF758900E83D81 /* Wallets Manager */ = {
			isa = PBXGroup;
			children = (
				E44B358615FF758900E83D81 /* folyAppDelegate.h */,
				E44B358715FF758900E83D81 /* folyAppDelegate.m */,
				E44B358915FF758900E83D81 /* Wallets_Manager.xcdatamodeld */,
				E44B357E15FF758900E83D81 /* Supporting Files */,
			);
			path = "Wallets Manager";
			sourceTree = "<group>";
		};
		E44B357E15FF758900E83D81 /* Supporting Files */ = {
			isa = PBXGroup;
			children = (
				E44B357F15FF758900E83D81 /* Wallets Manager-Info.plist */,
				E44B358015FF758900E83D81 /* InfoPlist.strings */,
				E44B358315FF758900E83D81 /* main.m */,
				E44B358515FF758900E83D81 /* Wallets Manager-Prefix.pch */,
			);
			name = "Supporting Files";
			sourceTree = "<group>";
		};
		E4CE2818160165F8007D0E9A /* CustomUI */ = {
			isa = PBXGroup;
			children = (
				E4C1C3D51601A95B000849D6 /* PageViewControl.h */,
				E4C1C3D61601A95B000849D6 /* PageViewControl.m */,
				E4C1C3D71601A95B000849D6 /* PageController.xib */,
			);
			name = CustomUI;
			sourceTree = "<group>";
		};
		E4CE281A16016604007D0E9A /* Macro */ = {
			isa = PBXGroup;
			children = (
			);
			name = Macro;
			sourceTree = "<group>";
		};
		E4CE281B1601662B007D0E9A /* Classes */ = {
			isa = PBXGroup;
			children = (
				E4DCEBA01602DE0600CA6698 /* TapkuLibrary */,
				E4DCEB9E1602DDFA00CA6698 /* TapkuLibrary.bundle */,
			);
			name = Classes;
			sourceTree = "<group>";
		};
		E4CE281C16016645007D0E9A /* Resources */ = {
			isa = PBXGroup;
			children = (
				E4394D321603BBA800C75E63 /* calendar-02.png */,
				E4394D301603BB2E00C75E63 /* calendar-01.png */,
				E4394D2E1603B97F00C75E63 /* cancel-01.png */,
				E4394D281603AF4200C75E63 /* btn-save-01.png */,
				E4394D241603AEB100C75E63 /* add-01.png */,
				E4394D251603AEB100C75E63 /* delete-01.png */,
				E4170D0C16025C1200500937 /* lock-05.png */,
				E4170D0D16025C1300500937 /* lock-open-02.png */,
				E4170D0A160258EE00500937 /* btn-add-02.png */,
				E4170D08160257EF00500937 /* menu.png */,
				E4170D061602579900500937 /* save-01.png */,
				E4170D041602575800500937 /* settings-01.png */,
				E4170D021602573700500937 /* tool-01.png */,
				E4170D001602571600500937 /* plan-01.png */,
				E4170CFE160256ED00500937 /* chart-01.png */,
				E4170CFB160256BE00500937 /* money-01.png */,
				E4170CED160248FE00500937 /* expense-02.png */,
				E4170CE71602475700500937 /* expense.png */,
				E4170CE41602470700500937 /* expense-01.png */,
				E4C1C3C116019154000849D6 /* tabbar.png */,
				E4C1C3BF16019131000849D6 /* selection-tab.png */,
				E4C1C3BD1601909F000849D6 /* tabbar-bg.png */,
				E4C1C3B1160187D4000849D6 /* navigationbar.png */,
				E4C1C3BB16018907000849D6 /* detail.png */,
				E4C1C3AB16018270000849D6 /* Default.png */,
				E4CE285C16017917007D0E9A /* backButton.png */,
				E4C1C3A116017F4E000849D6 /* wallet-01.png */,
				E4C1C3A216017F4E000849D6 /* wallet-02.png */,
				E4C1C3A316017F4E000849D6 /* wallet-04.png */,
				E4C1C3A416017F4E000849D6 /* wallet-05.png */,
				E4C1C3A516017F4E000849D6 /* walllet-03.png */,
				E4CE285F16017DD0007D0E9A /* wallet-logo.png */,
			);
			name = Resources;
			sourceTree = "<group>";
		};
		E4CE281D16016665007D0E9A /* Views */ = {
			isa = PBXGroup;
			children = (
				E4394D181603AC7D00C75E63 /* Views Extra */,
				E4DCEC3E1602FABC00CA6698 /* Views Details */,
				E4CE282A16016CD7007D0E9A /* WalletManager */,
				E4CE282416016868007D0E9A /* Wallets */,
				E4CE28231601685C007D0E9A /* Main */,
			);
			name = Views;
			sourceTree = "<group>";
		};
		E4CE28231601685C007D0E9A /* Main */ = {
			isa = PBXGroup;
			children = (
				E4CE281E160166B4007D0E9A /* MainViewController.h */,
				E4CE281F160166B4007D0E9A /* MainViewController.m */,
				E4CE2820160166B4007D0E9A /* MainViewController.xib */,
			);
			name = Main;
			sourceTree = "<group>";
		};
		E4CE282416016868007D0E9A /* Wallets */ = {
			isa = PBXGroup;
			children = (
				E4CE28251601689E007D0E9A /* WalletsViewController.h */,
				E4CE28261601689E007D0E9A /* WalletsViewController.m */,
				E4CE28271601689E007D0E9A /* WalletsViewController.xib */,
			);
			name = Wallets;
			sourceTree = "<group>";
		};
		E4CE282A16016CD7007D0E9A /* WalletManager */ = {
			isa = PBXGroup;
			children = (
				E4CE283016016E87007D0E9A /* WalletManagerController.h */,
				E4CE283116016E87007D0E9A /* WalletManagerController.m */,
				E4CE283316016EE6007D0E9A /* GeneralManagerViewController.h */,
				E4CE283416016EE6007D0E9A /* GeneralManagerViewController.m */,
				E4CE283516016EE6007D0E9A /* GeneralManagerViewController.xib */,
				E4CE283816016F16007D0E9A /* ReportViewController.h */,
				E4CE283916016F16007D0E9A /* ReportViewController.m */,
				E4CE283A16016F16007D0E9A /* ReportViewController.xib */,
				E4CE283D16016F62007D0E9A /* PlanViewController.h */,
				E4CE283E16016F62007D0E9A /* PlanViewController.m */,
				E4CE283F16016F62007D0E9A /* PlanViewController.xib */,
				E4CE284216016F7E007D0E9A /* SettingsViewController.h */,
				E4CE284316016F7F007D0E9A /* SettingsViewController.m */,
				E4CE284416016F7F007D0E9A /* SettingsViewController.xib */,
				E4CE284716017001007D0E9A /* ToolsViewController.h */,
				E4CE284816017001007D0E9A /* ToolsViewController.m */,
				E4CE284916017002007D0E9A /* ToolsViewController.xib */,
			);
			name = WalletManager;
			sourceTree = "<group>";
		};
		E4DCEBA01602DE0600CA6698 /* TapkuLibrary */ = {
			isa = PBXGroup;
			children = (
				E4DCEBA11602DE0600CA6698 /* NSArray+TKCategory.h */,
				E4DCEBA21602DE0600CA6698 /* NSArray+TKCategory.m */,
				E4DCEBA31602DE0600CA6698 /* NSDate+TKCategory.h */,
				E4DCEBA41602DE0600CA6698 /* NSDate+TKCategory.m */,
				E4DCEBA51602DE0600CA6698 /* NSString+TKCategory.h */,
				E4DCEBA61602DE0600CA6698 /* NSString+TKCategory.m */,
				E4DCEBA71602DE0600CA6698 /* TapDetectingView.h */,
				E4DCEBA81602DE0600CA6698 /* TapDetectingView.m */,
				E4DCEBA91602DE0600CA6698 /* TapkuLibrary.h */,
				E4DCEBAA1602DE0600CA6698 /* TKAlertCenter.h */,
				E4DCEBAB1602DE0600CA6698 /* TKAlertCenter.m */,
				E4DCEBAC1602DE0600CA6698 /* TKAppDelegate.h */,
				E4DCEBAD1602DE0600CA6698 /* TKAppDelegate.m */,
				E4DCEBAE1602DE0600CA6698 /* TKButtonCell.h */,
				E4DCEBAF1602DE0600CA6698 /* TKButtonCell.m */,
				E4DCEBB01602DE0600CA6698 /* TKCalendarDayEventView.h */,
				E4DCEBB11602DE0600CA6698 /* TKCalendarDayEventView.m */,
				E4DCEBB21602DE0600CA6698 /* TKCalendarDayTimelineView.h */,
				E4DCEBB31602DE0600CA6698 /* TKCalendarDayTimelineView.m */,
				E4DCEBB41602DE0600CA6698 /* TKCalendarDayViewController.h */,
				E4DCEBB51602DE0600CA6698 /* TKCalendarDayViewController.m */,
				E4DCEBB61602DE0600CA6698 /* TKCalendarMonthTableViewController.h */,
				E4DCEBB71602DE0600CA6698 /* TKCalendarMonthTableViewController.m */,
				E4DCEBB81602DE0600CA6698 /* TKCalendarMonthView.h */,
				E4DCEBB91602DE0600CA6698 /* TKCalendarMonthView.m */,
				E4DCEBBA1602DE0600CA6698 /* TKCalendarMonthViewController.h */,
				E4DCEBBB1602DE0600CA6698 /* TKCalendarMonthViewController.m */,
				E4DCEBBC1602DE0600CA6698 /* TKCoverflowCoverView.h */,
				E4DCEBBD1602DE0600CA6698 /* TKCoverflowCoverView.m */,
				E4DCEBBE1602DE0600CA6698 /* TKCoverflowView.h */,
				E4DCEBBF1602DE0600CA6698 /* TKCoverflowView.m */,
				E4DCEBC01602DE0600CA6698 /* TKEmptyView.h */,
				E4DCEBC11602DE0600CA6698 /* TKEmptyView.m */,
				E4DCEBC21602DE0600CA6698 /* TKGlobal.h */,
				E4DCEBC31602DE0600CA6698 /* TKGlobal.m */,
				E4DCEBC41602DE0600CA6698 /* TKGradientView.h */,
				E4DCEBC51602DE0600CA6698 /* TKGradientView.m */,
				E4DCEBC61602DE0600CA6698 /* TKHTTPRequest.h */,
				E4DCEBC71602DE0600CA6698 /* TKHTTPRequest.m */,
				E4DCEBC81602DE0600CA6698 /* TKImageCache.h */,
				E4DCEBC91602DE0600CA6698 /* TKImageCache.m */,
				E4DCEBCA1602DE0600CA6698 /* TKLabelCell.h */,
				E4DCEBCB1602DE0700CA6698 /* TKLabelCell.m */,
				E4DCEBCC1602DE0700CA6698 /* TKLabelFieldCell.h */,
				E4DCEBCD1602DE0700CA6698 /* TKLabelFieldCell.m */,
				E4DCEBCE1602DE0700CA6698 /* TKLabelSwitchCell.h */,
				E4DCEBCF1602DE0700CA6698 /* TKLabelSwitchCell.m */,
				E4DCEBD01602DE0700CA6698 /* TKLabelTextFieldCell.h */,
				E4DCEBD11602DE0700CA6698 /* TKLabelTextFieldCell.m */,
				E4DCEBD21602DE0700CA6698 /* TKLabelTextViewCell.h */,
				E4DCEBD31602DE0700CA6698 /* TKLabelTextViewCell.m */,
				E4DCEBD41602DE0700CA6698 /* TKMapPlace.h */,
				E4DCEBD51602DE0700CA6698 /* TKMapPlace.m */,
				E4DCEBD61602DE0700CA6698 /* TKMapView.h */,
				E4DCEBD71602DE0700CA6698 /* TKMapView.m */,
				E4DCEBD81602DE0700CA6698 /* TKNetworkQueue.h */,
				E4DCEBD91602DE0700CA6698 /* TKNetworkQueue.m */,
				E4DCEBDA1602DE0700CA6698 /* TKProgressAlertView.h */,
				E4DCEBDB1602DE0700CA6698 /* TKProgressAlertView.m */,
				E4DCEBDC1602DE0700CA6698 /* TKProgressBarView.h */,
				E4DCEBDD1602DE0700CA6698 /* TKProgressBarView.m */,
				E4DCEBDE1602DE0700CA6698 /* TKProgressCircleView.h */,
				E4DCEBDF1602DE0700CA6698 /* TKProgressCircleView.m */,
				E4DCEBE01602DE0700CA6698 /* TKShapeView.h */,
				E4DCEBE11602DE0700CA6698 /* TKShapeView.m */,
				E4DCEBE21602DE0700CA6698 /* TKSwitchCell.h */,
				E4DCEBE31602DE0700CA6698 /* TKSwitchCell.m */,
				E4DCEBE41602DE0700CA6698 /* TKTableViewCell.h */,
				E4DCEBE51602DE0700CA6698 /* TKTableViewCell.m */,
				E4DCEBE61602DE0700CA6698 /* TKTableViewController.h */,
				E4DCEBE71602DE0700CA6698 /* TKTableViewController.m */,
				E4DCEBE81602DE0700CA6698 /* TKTextViewCell.h */,
				E4DCEBE91602DE0700CA6698 /* TKTextViewCell.m */,
				E4DCEBEA1602DE0700CA6698 /* TKViewController.h */,
				E4DCEBEB1602DE0700CA6698 /* TKViewController.m */,
				E4DCEBEC1602DE0700CA6698 /* TKWindow.h */,
				E4DCEBED1602DE0700CA6698 /* TKWindow.m */,
				E4DCEBEE1602DE0700CA6698 /* UIBarButtonItem+TKCategory.h */,
				E4DCEBEF1602DE0700CA6698 /* UIBarButtonItem+TKCategory.m */,
				E4DCEBF01602DE0700CA6698 /* UIButton+TKCategory.h */,
				E4DCEBF11602DE0700CA6698 /* UIButton+TKCategory.m */,
				E4DCEBF21602DE0700CA6698 /* UIColor+TKCategory.h */,
				E4DCEBF31602DE0700CA6698 /* UIColor+TKCategory.m */,
				E4DCEBF41602DE0700CA6698 /* UIImage+TKCategory.h */,
				E4DCEBF51602DE0700CA6698 /* UIImage+TKCategory.m */,
				E4DCEBF61602DE0700CA6698 /* UIImageView+TKCategory.h */,
				E4DCEBF71602DE0700CA6698 /* UIImageView+TKCategory.m */,
				E4DCEBF81602DE0700CA6698 /* UIScrollview+TKCategory.h */,
				E4DCEBF91602DE0700CA6698 /* UIScrollview+TKCategory.m */,
				E4DCEBFA1602DE0700CA6698 /* UIView+TKCategory.h */,
				E4DCEBFB1602DE0700CA6698 /* UIView+TKCategory.m */,
				E4DCEBFC1602DE0700CA6698 /* UIViewController+TKCategory.h */,
				E4DCEBFD1602DE0700CA6698 /* UIViewController+TKCategory.m */,
			);
			path = TapkuLibrary;
			sourceTree = "<group>";
		};
		E4DCEC3E1602FABC00CA6698 /* Views Details */ = {
			isa = PBXGroup;
			children = (
				E4DCEC3F1602FB2000CA6698 /* AddExpenseViewController.h */,
				E4DCEC401602FB2000CA6698 /* AddExpenseViewController.m */,
				E4DCEC411602FB2000CA6698 /* AddExpenseViewController.xib */,
				E4394D1A1603ACB400C75E63 /* AddLoanViewController.h */,
				E4394D1B1603ACB400C75E63 /* AddLoanViewController.m */,
				E4394D1C1603ACB400C75E63 /* AddLoanViewController.xib */,
			);
			name = "Views Details";
			sourceTree = "<group>";
		};
/* End PBXGroup section */

/* Begin PBXNativeTarget section */
		E44B357015FF758900E83D81 /* Wallets Manager */ = {
			isa = PBXNativeTarget;
			buildConfigurationList = E44B358E15FF758900E83D81 /* Build configuration list for PBXNativeTarget "Wallets Manager" */;
			buildPhases = (
				E44B356D15FF758900E83D81 /* Sources */,
				E44B356E15FF758900E83D81 /* Frameworks */,
				E44B356F15FF758900E83D81 /* Resources */,
			);
			buildRules = (
			);
			dependencies = (
			);
			name = "Wallets Manager";
			productName = "Wallets Manager";
			productReference = E44B357115FF758900E83D81 /* Wallets Manager.app */;
			productType = "com.apple.product-type.application";
		};
/* End PBXNativeTarget section */

/* Begin PBXProject section */
		E44B356815FF758900E83D81 /* Project object */ = {
			isa = PBXProject;
			attributes = {
				LastUpgradeCheck = 0420;
				ORGANIZATIONNAME = BKHN;
			};
			buildConfigurationList = E44B356B15FF758900E83D81 /* Build configuration list for PBXProject "Wallets Manager" */;
			compatibilityVersion = "Xcode 3.2";
			developmentRegion = English;
			hasScannedForEncodings = 0;
			knownRegions = (
				en,
			);
			mainGroup = E44B356615FF758900E83D81;
			productRefGroup = E44B357215FF758900E83D81 /* Products */;
			projectDirPath = "";
			projectRoot = "";
			targets = (
				E44B357015FF758900E83D81 /* Wallets Manager */,
			);
		};
/* End PBXProject section */

/* Begin PBXResourcesBuildPhase section */
		E44B356F15FF758900E83D81 /* Resources */ = {
			isa = PBXResourcesBuildPhase;
			buildActionMask = 2147483647;
			files = (
				E44B358215FF758900E83D81 /* InfoPlist.strings in Resources */,
				E4CE2822160166B4007D0E9A /* MainViewController.xib in Resources */,
				E4CE28291601689E007D0E9A /* WalletsViewController.xib in Resources */,
				E4CE283716016EE6007D0E9A /* GeneralManagerViewController.xib in Resources */,
				E4CE283C16016F16007D0E9A /* ReportViewController.xib in Resources */,
				E4CE284116016F62007D0E9A /* PlanViewController.xib in Resources */,
				E4CE284616016F7F007D0E9A /* SettingsViewController.xib in Resources */,
				E4CE284B16017002007D0E9A /* ToolsViewController.xib in Resources */,
				E4CE285D16017917007D0E9A /* backButton.png in Resources */,
				E4CE286016017DD0007D0E9A /* wallet-logo.png in Resources */,
				E4C1C3A616017F4E000849D6 /* wallet-01.png in Resources */,
				E4C1C3A716017F4E000849D6 /* wallet-02.png in Resources */,
				E4C1C3A816017F4E000849D6 /* wallet-04.png in Resources */,
				E4C1C3A916017F4E000849D6 /* wallet-05.png in Resources */,
				E4C1C3AA16017F4E000849D6 /* walllet-03.png in Resources */,
				E4C1C3AC16018270000849D6 /* Default.png in Resources */,
				E4C1C3B2160187D4000849D6 /* navigationbar.png in Resources */,
				E4C1C3BC16018907000849D6 /* detail.png in Resources */,
				E4C1C3BE1601909F000849D6 /* tabbar-bg.png in Resources */,
				E4C1C3C016019131000849D6 /* selection-tab.png in Resources */,
				E4C1C3C216019154000849D6 /* tabbar.png in Resources */,
				E4C1C3D91601A95B000849D6 /* PageController.xib in Resources */,
				E4170CE51602470700500937 /* expense-01.png in Resources */,
				E4170CE81602475700500937 /* expense.png in Resources */,
				E4170CEE160248FE00500937 /* expense-02.png in Resources */,
				E4170CFC160256BE00500937 /* money-01.png in Resources */,
				E4170CFF160256ED00500937 /* chart-01.png in Resources */,
				E4170D011602571600500937 /* plan-01.png in Resources */,
				E4170D031602573700500937 /* tool-01.png in Resources */,
				E4170D051602575800500937 /* settings-01.png in Resources */,
				E4170D071602579900500937 /* save-01.png in Resources */,
				E4170D09160257F000500937 /* menu.png in Resources */,
				E4170D0B160258EF00500937 /* btn-add-02.png in Resources */,
				E4170D0E16025C1500500937 /* lock-05.png in Resources */,
				E4170D0F16025C1500500937 /* lock-open-02.png in Resources */,
				E4DCEB9F1602DDFA00CA6698 /* TapkuLibrary.bundle in Resources */,
				E4DCEC431602FB2000CA6698 /* AddExpenseViewController.xib in Resources */,
				E4394D1E1603ACB400C75E63 /* AddLoanViewController.xib in Resources */,
				E4394D231603AD2800C75E63 /* MenuGeneralView.xib in Resources */,
				E4394D261603AEB100C75E63 /* add-01.png in Resources */,
				E4394D271603AEB100C75E63 /* delete-01.png in Resources */,
				E4394D291603AF4200C75E63 /* btn-save-01.png in Resources */,
				E4394D2F1603B97F00C75E63 /* cancel-01.png in Resources */,
				E4394D311603BB2F00C75E63 /* calendar-01.png in Resources */,
				E4394D331603BBA800C75E63 /* calendar-02.png in Resources */,
			);
			runOnlyForDeploymentPostprocessing = 0;
		};
/* End PBXResourcesBuildPhase section */

/* Begin PBXSourcesBuildPhase section */
		E44B356D15FF758900E83D81 /* Sources */ = {
			isa = PBXSourcesBuildPhase;
			buildActionMask = 2147483647;
			files = (
				E44B358415FF758900E83D81 /* main.m in Sources */,
				E44B358815FF758900E83D81 /* folyAppDelegate.m in Sources */,
				E44B358B15FF758900E83D81 /* Wallets_Manager.xcdatamodeld in Sources */,
				E4CE2821160166B4007D0E9A /* MainViewController.m in Sources */,
				E4CE28281601689E007D0E9A /* WalletsViewController.m in Sources */,
				E4CE283216016E87007D0E9A /* WalletManagerController.m in Sources */,
				E4CE283616016EE6007D0E9A /* GeneralManagerViewController.m in Sources */,
				E4CE283B16016F16007D0E9A /* ReportViewController.m in Sources */,
				E4CE284016016F62007D0E9A /* PlanViewController.m in Sources */,
				E4CE284516016F7F007D0E9A /* SettingsViewController.m in Sources */,
				E4CE284A16017002007D0E9A /* ToolsViewController.m in Sources */,
				E4C1C3D81601A95B000849D6 /* PageViewControl.m in Sources */,
				E4DCEBFE1602DE0700CA6698 /* NSArray+TKCategory.m in Sources */,
				E4DCEBFF1602DE0700CA6698 /* NSDate+TKCategory.m in Sources */,
				E4DCEC001602DE0700CA6698 /* NSString+TKCategory.m in Sources */,
				E4DCEC011602DE0700CA6698 /* TapDetectingView.m in Sources */,
				E4DCEC021602DE0700CA6698 /* TKAlertCenter.m in Sources */,
				E4DCEC031602DE0700CA6698 /* TKAppDelegate.m in Sources */,
				E4DCEC041602DE0700CA6698 /* TKButtonCell.m in Sources */,
				E4DCEC051602DE0700CA6698 /* TKCalendarDayEventView.m in Sources */,
				E4DCEC061602DE0700CA6698 /* TKCalendarDayTimelineView.m in Sources */,
				E4DCEC071602DE0700CA6698 /* TKCalendarDayViewController.m in Sources */,
				E4DCEC081602DE0700CA6698 /* TKCalendarMonthTableViewController.m in Sources */,
				E4DCEC091602DE0700CA6698 /* TKCalendarMonthView.m in Sources */,
				E4DCEC0A1602DE0700CA6698 /* TKCalendarMonthViewController.m in Sources */,
				E4DCEC0B1602DE0700CA6698 /* TKCoverflowCoverView.m in Sources */,
				E4DCEC0C1602DE0700CA6698 /* TKCoverflowView.m in Sources */,
				E4DCEC0D1602DE0700CA6698 /* TKEmptyView.m in Sources */,
				E4DCEC0E1602DE0700CA6698 /* TKGlobal.m in Sources */,
				E4DCEC0F1602DE0700CA6698 /* TKGradientView.m in Sources */,
				E4DCEC101602DE0700CA6698 /* TKHTTPRequest.m in Sources */,
				E4DCEC111602DE0700CA6698 /* TKImageCache.m in Sources */,
				E4DCEC121602DE0700CA6698 /* TKLabelCell.m in Sources */,
				E4DCEC131602DE0700CA6698 /* TKLabelFieldCell.m in Sources */,
				E4DCEC141602DE0700CA6698 /* TKLabelSwitchCell.m in Sources */,
				E4DCEC151602DE0700CA6698 /* TKLabelTextFieldCell.m in Sources */,
				E4DCEC161602DE0700CA6698 /* TKLabelTextViewCell.m in Sources */,
				E4DCEC171602DE0700CA6698 /* TKMapPlace.m in Sources */,
				E4DCEC181602DE0700CA6698 /* TKMapView.m in Sources */,
				E4DCEC191602DE0700CA6698 /* TKNetworkQueue.m in Sources */,
				E4DCEC1A1602DE0700CA6698 /* TKProgressAlertView.m in Sources */,
				E4DCEC1B1602DE0700CA6698 /* TKProgressBarView.m in Sources */,
				E4DCEC1C1602DE0700CA6698 /* TKProgressCircleView.m in Sources */,
				E4DCEC1D1602DE0700CA6698 /* TKShapeView.m in Sources */,
				E4DCEC1E1602DE0700CA6698 /* TKSwitchCell.m in Sources */,
				E4DCEC1F1602DE0700CA6698 /* TKTableViewCell.m in Sources */,
				E4DCEC201602DE0700CA6698 /* TKTableViewController.m in Sources */,
				E4DCEC211602DE0700CA6698 /* TKTextViewCell.m in Sources */,
				E4DCEC221602DE0700CA6698 /* TKViewController.m in Sources */,
				E4DCEC231602DE0700CA6698 /* TKWindow.m in Sources */,
				E4DCEC241602DE0700CA6698 /* UIBarButtonItem+TKCategory.m in Sources */,
				E4DCEC251602DE0700CA6698 /* UIButton+TKCategory.m in Sources */,
				E4DCEC261602DE0700CA6698 /* UIColor+TKCategory.m in Sources */,
				E4DCEC271602DE0700CA6698 /* UIImage+TKCategory.m in Sources */,
				E4DCEC281602DE0700CA6698 /* UIImageView+TKCategory.m in Sources */,
				E4DCEC291602DE0700CA6698 /* UIScrollview+TKCategory.m in Sources */,
				E4DCEC2A1602DE0700CA6698 /* UIView+TKCategory.m in Sources */,
				E4DCEC2B1602DE0700CA6698 /* UIViewController+TKCategory.m in Sources */,
				E4DCEC421602FB2000CA6698 /* AddExpenseViewController.m in Sources */,
				E4394D1D1603ACB400C75E63 /* AddLoanViewController.m in Sources */,
				E4394D211603AD0C00C75E63 /* MenuGeneralView.m in Sources */,
			);
			runOnlyForDeploymentPostprocessing = 0;
		};
/* End PBXSourcesBuildPhase section */

/* Begin PBXVariantGroup section */
		E44B358015FF758900E83D81 /* InfoPlist.strings */ = {
			isa = PBXVariantGroup;
			children = (
				E44B358115FF758900E83D81 /* en */,
			);
			name = InfoPlist.strings;
			sourceTree = "<group>";
		};
/* End PBXVariantGroup section */

/* Begin XCBuildConfiguration section */
		E44B358C15FF758900E83D81 /* Debug */ = {
			isa = XCBuildConfiguration;
			buildSettings = {
				ALWAYS_SEARCH_USER_PATHS = NO;
				ARCHS = "$(ARCHS_STANDARD_32_BIT)";
				CLANG_ENABLE_OBJC_ARC = YES;
				CODE_SIGN_IDENTITY = "iPhone Developer: Linh Trinh (3G6JEZRP4S)";
				"CODE_SIGN_IDENTITY[sdk=iphoneos*]" = "iPhone Developer: Linh Trinh (3G6JEZRP4S)";
				COPY_PHASE_STRIP = NO;
				GCC_C_LANGUAGE_STANDARD = gnu99;
				GCC_DYNAMIC_NO_PIC = NO;
				GCC_OPTIMIZATION_LEVEL = 0;
				GCC_PREPROCESSOR_DEFINITIONS = (
					"DEBUG=1",
					"$(inherited)",
				);
				GCC_SYMBOLS_PRIVATE_EXTERN = NO;
				GCC_VERSION = com.apple.compilers.llvm.clang.1_0;
				GCC_WARN_ABOUT_MISSING_PROTOTYPES = YES;
				GCC_WARN_ABOUT_RETURN_TYPE = YES;
				GCC_WARN_UNUSED_VARIABLE = YES;
				IPHONEOS_DEPLOYMENT_TARGET = 5.0;
				PROVISIONING_PROFILE = "D54B9DFD-F72E-426F-965B-E8C7400EBA70";
				"PROVISIONING_PROFILE[sdk=iphoneos*]" = "D54B9DFD-F72E-426F-965B-E8C7400EBA70";
				SDKROOT = iphoneos;
			};
			name = Debug;
		};
		E44B358D15FF758900E83D81 /* Release */ = {
			isa = XCBuildConfiguration;
			buildSettings = {
				ALWAYS_SEARCH_USER_PATHS = NO;
				ARCHS = "$(ARCHS_STANDARD_32_BIT)";
				CLANG_ENABLE_OBJC_ARC = YES;
				CODE_SIGN_IDENTITY = "iPhone Developer: Linh Trinh (3G6JEZRP4S)";
				"CODE_SIGN_IDENTITY[sdk=iphoneos*]" = "iPhone Developer: Linh Trinh (3G6JEZRP4S)";
				COPY_PHASE_STRIP = YES;
				GCC_C_LANGUAGE_STANDARD = gnu99;
				GCC_VERSION = com.apple.compilers.llvm.clang.1_0;
				GCC_WARN_ABOUT_MISSING_PROTOTYPES = YES;
				GCC_WARN_ABOUT_RETURN_TYPE = YES;
				GCC_WARN_UNUSED_VARIABLE = YES;
				IPHONEOS_DEPLOYMENT_TARGET = 5.0;
				OTHER_CFLAGS = "-DNS_BLOCK_ASSERTIONS=1";
				PROVISIONING_PROFILE = "D54B9DFD-F72E-426F-965B-E8C7400EBA70";
				"PROVISIONING_PROFILE[sdk=iphoneos*]" = "D54B9DFD-F72E-426F-965B-E8C7400EBA70";
				SDKROOT = iphoneos;
				VALIDATE_PRODUCT = YES;
			};
			name = Release;
		};
		E44B358F15FF758900E83D81 /* Debug */ = {
			isa = XCBuildConfiguration;
			buildSettings = {
				CODE_SIGN_IDENTITY = "iPhone Developer: Linh Trinh (3G6JEZRP4S)";
				"CODE_SIGN_IDENTITY[sdk=iphoneos*]" = "iPhone Developer: Linh Trinh (3G6JEZRP4S)";
				FRAMEWORK_SEARCH_PATHS = (
					"$(inherited)",
					"\"$(DEVELOPER_FRAMEWORKS_DIR)\"",
				);
				GCC_PRECOMPILE_PREFIX_HEADER = YES;
				GCC_PREFIX_HEADER = "Wallets Manager/Wallets Manager-Prefix.pch";
				INFOPLIST_FILE = "Wallets Manager/Wallets Manager-Info.plist";
				PRODUCT_NAME = "$(TARGET_NAME)";
				PROVISIONING_PROFILE = "85FA7ABA-A82F-4647-AB0A-96294A26A2A1";
				"PROVISIONING_PROFILE[sdk=iphoneos*]" = "85FA7ABA-A82F-4647-AB0A-96294A26A2A1";
				WRAPPER_EXTENSION = app;
			};
			name = Debug;
		};
		E44B359015FF758900E83D81 /* Release */ = {
			isa = XCBuildConfiguration;
			buildSettings = {
				CODE_SIGN_IDENTITY = "iPhone Developer: Linh Trinh (3G6JEZRP4S)";
				"CODE_SIGN_IDENTITY[sdk=iphoneos*]" = "iPhone Developer: Linh Trinh (3G6JEZRP4S)";
				FRAMEWORK_SEARCH_PATHS = (
					"$(inherited)",
					"\"$(DEVELOPER_FRAMEWORKS_DIR)\"",
				);
				GCC_PRECOMPILE_PREFIX_HEADER = YES;
				GCC_PREFIX_HEADER = "Wallets Manager/Wallets Manager-Prefix.pch";
				INFOPLIST_FILE = "Wallets Manager/Wallets Manager-Info.plist";
				PRODUCT_NAME = "$(TARGET_NAME)";
				PROVISIONING_PROFILE = "85FA7ABA-A82F-4647-AB0A-96294A26A2A1";
				"PROVISIONING_PROFILE[sdk=iphoneos*]" = "6DB4E687-D7D1-458E-B238-C94AF1B66483";
				WRAPPER_EXTENSION = app;
			};
			name = Release;
		};
/* End XCBuildConfiguration section */

/* Begin XCConfigurationList section */
		E44B356B15FF758900E83D81 /* Build configuration list for PBXProject "Wallets Manager" */ = {
			isa = XCConfigurationList;
			buildConfigurations = (
				E44B358C15FF758900E83D81 /* Debug */,
				E44B358D15FF758900E83D81 /* Release */,
			);
			defaultConfigurationIsVisible = 0;
			defaultConfigurationName = Release;
		};
		E44B358E15FF758900E83D81 /* Build configuration list for PBXNativeTarget "Wallets Manager" */ = {
			isa = XCConfigurationList;
			buildConfigurations = (
				E44B358F15FF758900E83D81 /* Debug */,
				E44B359015FF758900E83D81 /* Release */,
			);
			defaultConfigurationIsVisible = 0;
			defaultConfigurationName = Release;
		};
/* End XCConfigurationList section */

/* Begin XCVersionGroup section */
		E44B358915FF758900E83D81 /* Wallets_Manager.xcdatamodeld */ = {
			isa = XCVersionGroup;
			children = (
				E44B358A15FF758900E83D81 /* Wallets_Manager.xcdatamodel */,
			);
			currentVersion = E44B358A15FF758900E83D81 /* Wallets_Manager.xcdatamodel */;
			path = Wallets_Manager.xcdatamodeld;
			sourceTree = "<group>";
			versionGroupType = wrapper.xcdatamodel;
		};
/* End XCVersionGroup section */
	};
	rootObject = E44B356815FF758900E83D81 /* Project object */;
}
